// !$*UTF8*$!
{
	archiveVersion = 1;
	classes = {
	};
	objectVersion = 70;
	objects = {

/* Begin PBXBuildFile section */
		001DD5C32BFA3C4E00825DAA /* Kingfisher in Frameworks */ = {isa = PBXBuildFile; productRef = 001DD5C22BFA3C4E00825DAA /* Kingfisher */; };
		001DD5D32BFA497400825DAA /* RealmSwift in Frameworks */ = {isa = PBXBuildFile; productRef = 001DD5D22BFA497400825DAA /* RealmSwift */; };
		001DD5D42BFA49AD00825DAA /* RealmSwift in Embed Frameworks */ = {isa = PBXBuildFile; productRef = 001DD5D22BFA497400825DAA /* RealmSwift */; settings = {ATTRIBUTES = (CodeSignOnCopy, ); }; };
		001DD5D52BFA4C0B00825DAA /* Assets.xcassets in Resources */ = {isa = PBXBuildFile; fileRef = 00FD1C462B99840A00C2A76E /* Assets.xcassets */; };
		001DD5D62BFA4C1500825DAA /* Main.storyboard in Resources */ = {isa = PBXBuildFile; fileRef = 00FD1C432B99840900C2A76E /* Main.storyboard */; };
		003CE0472C087D66003B92FD /* README.md in Resources */ = {isa = PBXBuildFile; fileRef = 003CE0462C087D66003B92FD /* README.md */; };
		0047079C2C6F1AFD0025E5DB /* RxCocoa in Frameworks */ = {isa = PBXBuildFile; productRef = 0047079B2C6F1AFD0025E5DB /* RxCocoa */; };
		0047079E2C6F1AFD0025E5DB /* RxSwift in Frameworks */ = {isa = PBXBuildFile; productRef = 0047079D2C6F1AFD0025E5DB /* RxSwift */; };
		0051C2A62BA35B6C0094D4BC /* SnapKit in Frameworks */ = {isa = PBXBuildFile; productRef = 0051C2A52BA35B6C0094D4BC /* SnapKit */; };
		007324012BA613D2001B0A2E /* APIKeys.swift in Sources */ = {isa = PBXBuildFile; fileRef = 007324002BA613D2001B0A2E /* APIKeys.swift */; };
		008F083B2CCE2CAA00AFB60D /* FlexLayout in Frameworks */ = {isa = PBXBuildFile; productRef = 008F083A2CCE2CAA00AFB60D /* FlexLayout */; };
		008F083E2CCE2CCC00AFB60D /* PinLayout in Frameworks */ = {isa = PBXBuildFile; productRef = 008F083D2CCE2CCC00AFB60D /* PinLayout */; };
		00A3D6222BAEE47800632748 /* GoogleService-Info.plist in Resources */ = {isa = PBXBuildFile; fileRef = 00A3D6212BAEE47700632748 /* GoogleService-Info.plist */; };
		00E9F8842CCE7AF100E07A8A /* RxMoya in Frameworks */ = {isa = PBXBuildFile; productRef = 00E9F8832CCE7AF100E07A8A /* RxMoya */; };
		00E9F8A12CCE891500E07A8A /* LocationBasedTourismInformationDTO.swift in Sources */ = {isa = PBXBuildFile; fileRef = 00E9F89C2CCE891500E07A8A /* LocationBasedTourismInformationDTO.swift */; };
		00E9F8A22CCE891500E07A8A /* KeywordBasedSearchingDTO.swift in Sources */ = {isa = PBXBuildFile; fileRef = 00E9F8A02CCE891500E07A8A /* KeywordBasedSearchingDTO.swift */; };
		00E9F8A32CCE891500E07A8A /* ProvidedImpairmentAidServicesDTO.swift in Sources */ = {isa = PBXBuildFile; fileRef = 00E9F89E2CCE891500E07A8A /* ProvidedImpairmentAidServicesDTO.swift */; };
		00E9F8A42CCE891500E07A8A /* TouristDestionationCommonInformationDTO.swift in Sources */ = {isa = PBXBuildFile; fileRef = 00E9F89D2CCE891500E07A8A /* TouristDestionationCommonInformationDTO.swift */; };
		00E9F8A52CCE891500E07A8A /* AreaCodeDTO.swift in Sources */ = {isa = PBXBuildFile; fileRef = 00E9F89F2CCE891500E07A8A /* AreaCodeDTO.swift */; };
		00EB3B242BAD68DC0073A52A /* FirebaseAnalyticsWithoutAdIdSupport in Frameworks */ = {isa = PBXBuildFile; productRef = 00EB3B232BAD68DC0073A52A /* FirebaseAnalyticsWithoutAdIdSupport */; };
		00EB3B262BAD68DC0073A52A /* FirebaseCrashlytics in Frameworks */ = {isa = PBXBuildFile; productRef = 00EB3B252BAD68DC0073A52A /* FirebaseCrashlytics */; };
		00ED3FF52C708EEC00B50FB2 /* RxAppState in Frameworks */ = {isa = PBXBuildFile; productRef = 00ED3FF42C708EEC00B50FB2 /* RxAppState */; };
		00FD1C3E2B99840900C2A76E /* AppDelegate.swift in Sources */ = {isa = PBXBuildFile; fileRef = 00FD1C3D2B99840900C2A76E /* AppDelegate.swift */; };
		00FD1C402B99840900C2A76E /* SceneDelegate.swift in Sources */ = {isa = PBXBuildFile; fileRef = 00FD1C3F2B99840900C2A76E /* SceneDelegate.swift */; };
		00FD1C4A2B99840A00C2A76E /* LaunchScreen.storyboard in Resources */ = {isa = PBXBuildFile; fileRef = 00FD1C482B99840A00C2A76E /* LaunchScreen.storyboard */; };
		00FD1C522B99861900C2A76E /* .gitignore in Resources */ = {isa = PBXBuildFile; fileRef = 00FD1C512B99861900C2A76E /* .gitignore */; };
		59C03BE6C333BA2CA5EC9571 /* Pods_KoreaOneStep.framework in Frameworks */ = {isa = PBXBuildFile; fileRef = B5826F4DC7AFCBCC2980E97A /* Pods_KoreaOneStep.framework */; };
/* End PBXBuildFile section */

/* Begin PBXCopyFilesBuildPhase section */
		001DD5CF2BFA45C600825DAA /* Embed Frameworks */ = {
			isa = PBXCopyFilesBuildPhase;
			buildActionMask = 2147483647;
			dstPath = "";
			dstSubfolderSpec = 10;
			files = (
				001DD5D42BFA49AD00825DAA /* RealmSwift in Embed Frameworks */,
			);
			name = "Embed Frameworks";
			runOnlyForDeploymentPostprocessing = 0;
		};
/* End PBXCopyFilesBuildPhase section */

/* Begin PBXFileReference section */
		003CE0462C087D66003B92FD /* README.md */ = {isa = PBXFileReference; fileEncoding = 4; lastKnownFileType = net.daringfireball.markdown; path = README.md; sourceTree = "<group>"; };
		007324002BA613D2001B0A2E /* APIKeys.swift */ = {isa = PBXFileReference; fileEncoding = 4; lastKnownFileType = sourcecode.swift; path = APIKeys.swift; sourceTree = "<group>"; };
		00A3D6212BAEE47700632748 /* GoogleService-Info.plist */ = {isa = PBXFileReference; fileEncoding = 4; lastKnownFileType = text.plist.xml; path = "GoogleService-Info.plist"; sourceTree = "<group>"; };
		00E9F89C2CCE891500E07A8A /* LocationBasedTourismInformationDTO.swift */ = {isa = PBXFileReference; lastKnownFileType = sourcecode.swift; path = LocationBasedTourismInformationDTO.swift; sourceTree = "<group>"; };
		00E9F89D2CCE891500E07A8A /* TouristDestionationCommonInformationDTO.swift */ = {isa = PBXFileReference; lastKnownFileType = sourcecode.swift; path = TouristDestionationCommonInformationDTO.swift; sourceTree = "<group>"; };
		00E9F89E2CCE891500E07A8A /* ProvidedImpairmentAidServicesDTO.swift */ = {isa = PBXFileReference; lastKnownFileType = sourcecode.swift; path = ProvidedImpairmentAidServicesDTO.swift; sourceTree = "<group>"; };
		00E9F89F2CCE891500E07A8A /* AreaCodeDTO.swift */ = {isa = PBXFileReference; lastKnownFileType = sourcecode.swift; path = AreaCodeDTO.swift; sourceTree = "<group>"; };
		00E9F8A02CCE891500E07A8A /* KeywordBasedSearchingDTO.swift */ = {isa = PBXFileReference; lastKnownFileType = sourcecode.swift; path = KeywordBasedSearchingDTO.swift; sourceTree = "<group>"; };
		00FD1C3A2B99840900C2A76E /* KoreaOneStep.app */ = {isa = PBXFileReference; explicitFileType = wrapper.application; includeInIndex = 0; path = KoreaOneStep.app; sourceTree = BUILT_PRODUCTS_DIR; };
		00FD1C3D2B99840900C2A76E /* AppDelegate.swift */ = {isa = PBXFileReference; lastKnownFileType = sourcecode.swift; path = AppDelegate.swift; sourceTree = "<group>"; };
		00FD1C3F2B99840900C2A76E /* SceneDelegate.swift */ = {isa = PBXFileReference; lastKnownFileType = sourcecode.swift; path = SceneDelegate.swift; sourceTree = "<group>"; };
		00FD1C442B99840900C2A76E /* Base */ = {isa = PBXFileReference; lastKnownFileType = file.storyboard; name = Base; path = Base.lproj/Main.storyboard; sourceTree = "<group>"; };
		00FD1C462B99840A00C2A76E /* Assets.xcassets */ = {isa = PBXFileReference; lastKnownFileType = folder.assetcatalog; path = Assets.xcassets; sourceTree = "<group>"; };
		00FD1C492B99840A00C2A76E /* Base */ = {isa = PBXFileReference; lastKnownFileType = file.storyboard; name = Base; path = Base.lproj/LaunchScreen.storyboard; sourceTree = "<group>"; };
		00FD1C4B2B99840A00C2A76E /* Info.plist */ = {isa = PBXFileReference; lastKnownFileType = text.plist.xml; path = Info.plist; sourceTree = "<group>"; };
		00FD1C512B99861900C2A76E /* .gitignore */ = {isa = PBXFileReference; lastKnownFileType = text; path = .gitignore; sourceTree = "<group>"; };
		47CBD416387A86A5E675A9AC /* Pods-KoreaOneStep.debug.xcconfig */ = {isa = PBXFileReference; includeInIndex = 1; lastKnownFileType = text.xcconfig; name = "Pods-KoreaOneStep.debug.xcconfig"; path = "Target Support Files/Pods-KoreaOneStep/Pods-KoreaOneStep.debug.xcconfig"; sourceTree = "<group>"; };
		B5826F4DC7AFCBCC2980E97A /* Pods_KoreaOneStep.framework */ = {isa = PBXFileReference; explicitFileType = wrapper.framework; includeInIndex = 0; path = Pods_KoreaOneStep.framework; sourceTree = BUILT_PRODUCTS_DIR; };
		B8313C61497266102198AFD0 /* Pods-KoreaOneStep.release.xcconfig */ = {isa = PBXFileReference; includeInIndex = 1; lastKnownFileType = text.xcconfig; name = "Pods-KoreaOneStep.release.xcconfig"; path = "Target Support Files/Pods-KoreaOneStep/Pods-KoreaOneStep.release.xcconfig"; sourceTree = "<group>"; };
/* End PBXFileReference section */

/* Begin PBXFileSystemSynchronizedRootGroup section */
		00E9F8A82CCE893400E07A8A /* Interfaces */ = {isa = PBXFileSystemSynchronizedRootGroup; explicitFileTypes = {}; explicitFolders = (); path = Interfaces; sourceTree = "<group>"; };
/* End PBXFileSystemSynchronizedRootGroup section */

/* Begin PBXFrameworksBuildPhase section */
		00FD1C372B99840900C2A76E /* Frameworks */ = {
			isa = PBXFrameworksBuildPhase;
			buildActionMask = 2147483647;
			files = (
				00ED3FF52C708EEC00B50FB2 /* RxAppState in Frameworks */,
				00EB3B242BAD68DC0073A52A /* FirebaseAnalyticsWithoutAdIdSupport in Frameworks */,
				0047079C2C6F1AFD0025E5DB /* RxCocoa in Frameworks */,
				00EB3B262BAD68DC0073A52A /* FirebaseCrashlytics in Frameworks */,
				0051C2A62BA35B6C0094D4BC /* SnapKit in Frameworks */,
				0047079E2C6F1AFD0025E5DB /* RxSwift in Frameworks */,
				00E9F8842CCE7AF100E07A8A /* RxMoya in Frameworks */,
				008F083E2CCE2CCC00AFB60D /* PinLayout in Frameworks */,
				001DD5C32BFA3C4E00825DAA /* Kingfisher in Frameworks */,
				001DD5D32BFA497400825DAA /* RealmSwift in Frameworks */,
				008F083B2CCE2CAA00AFB60D /* FlexLayout in Frameworks */,
				59C03BE6C333BA2CA5EC9571 /* Pods_KoreaOneStep.framework in Frameworks */,
			);
			runOnlyForDeploymentPostprocessing = 0;
		};
/* End PBXFrameworksBuildPhase section */

/* Begin PBXGroup section */
		00E9F88D2CCE889400E07A8A /* Domain */ = {
			isa = PBXGroup;
			children = (
				00E9F88E2CCE88A100E07A8A /* Usecase */,
				00E9F88F2CCE88B700E07A8A /* Entity */,
			);
			path = Domain;
			sourceTree = "<group>";
		};
		00E9F88E2CCE88A100E07A8A /* Usecase */ = {
			isa = PBXGroup;
			children = (
			);
			path = Usecase;
			sourceTree = "<group>";
		};
		00E9F88F2CCE88B700E07A8A /* Entity */ = {
			isa = PBXGroup;
			children = (
				00E9F8A82CCE893400E07A8A /* Interfaces */,
				00E9F89C2CCE891500E07A8A /* LocationBasedTourismInformationDTO.swift */,
				00E9F89D2CCE891500E07A8A /* TouristDestionationCommonInformationDTO.swift */,
				00E9F89E2CCE891500E07A8A /* ProvidedImpairmentAidServicesDTO.swift */,
				00E9F89F2CCE891500E07A8A /* AreaCodeDTO.swift */,
				00E9F8A02CCE891500E07A8A /* KeywordBasedSearchingDTO.swift */,
			);
			path = Entity;
			sourceTree = "<group>";
		};
		00FD1C312B99840900C2A76E = {
			isa = PBXGroup;
			children = (
				00FD1C512B99861900C2A76E /* .gitignore */,
				003CE0462C087D66003B92FD /* README.md */,
				00FD1C3C2B99840900C2A76E /* KoreaOneStep */,
				00FD1C3B2B99840900C2A76E /* Products */,
				B2674CF477D59B9A126D8C6A /* Pods */,
				B31762907CDB07FFB648D723 /* Frameworks */,
			);
			sourceTree = "<group>";
		};
		00FD1C3B2B99840900C2A76E /* Products */ = {
			isa = PBXGroup;
			children = (
				00FD1C3A2B99840900C2A76E /* KoreaOneStep.app */,
			);
			name = Products;
			sourceTree = "<group>";
		};
		00FD1C3C2B99840900C2A76E /* KoreaOneStep */ = {
			isa = PBXGroup;
			children = (
				00FD1C3D2B99840900C2A76E /* AppDelegate.swift */,
				00FD1C3F2B99840900C2A76E /* SceneDelegate.swift */,
				00E9F88D2CCE889400E07A8A /* Domain */,
				00FD1C432B99840900C2A76E /* Main.storyboard */,
				00FD1C462B99840A00C2A76E /* Assets.xcassets */,
				00FD1C482B99840A00C2A76E /* LaunchScreen.storyboard */,
				00FD1C4B2B99840A00C2A76E /* Info.plist */,
				007324002BA613D2001B0A2E /* APIKeys.swift */,
				00A3D6212BAEE47700632748 /* GoogleService-Info.plist */,
			);
			path = KoreaOneStep;
			sourceTree = "<group>";
		};
		B2674CF477D59B9A126D8C6A /* Pods */ = {
			isa = PBXGroup;
			children = (
				47CBD416387A86A5E675A9AC /* Pods-KoreaOneStep.debug.xcconfig */,
				B8313C61497266102198AFD0 /* Pods-KoreaOneStep.release.xcconfig */,
			);
			path = Pods;
			sourceTree = "<group>";
		};
		B31762907CDB07FFB648D723 /* Frameworks */ = {
			isa = PBXGroup;
			children = (
				B5826F4DC7AFCBCC2980E97A /* Pods_KoreaOneStep.framework */,
			);
			name = Frameworks;
			sourceTree = "<group>";
		};
/* End PBXGroup section */

/* Begin PBXNativeTarget section */
		00FD1C392B99840900C2A76E /* KoreaOneStep */ = {
			isa = PBXNativeTarget;
			buildConfigurationList = 00FD1C4E2B99840A00C2A76E /* Build configuration list for PBXNativeTarget "KoreaOneStep" */;
			buildPhases = (
				302E51EDE8C53700B9898E52 /* [CP] Check Pods Manifest.lock */,
				00FD1C362B99840900C2A76E /* Sources */,
				00FD1C372B99840900C2A76E /* Frameworks */,
				00FD1C382B99840900C2A76E /* Resources */,
				73714B403E4390F3AFF9386C /* [CP] Embed Pods Frameworks */,
				001DD5CF2BFA45C600825DAA /* Embed Frameworks */,
				00389ECD2BB6A735008DF6A6 /* ShellScript */,
			);
			buildRules = (
			);
			dependencies = (
			);
			fileSystemSynchronizedGroups = (
				00E9F8A82CCE893400E07A8A /* Interfaces */,
			);
			name = KoreaOneStep;
			packageProductDependencies = (
				0051C2A52BA35B6C0094D4BC /* SnapKit */,
				00EB3B232BAD68DC0073A52A /* FirebaseAnalyticsWithoutAdIdSupport */,
				00EB3B252BAD68DC0073A52A /* FirebaseCrashlytics */,
				001DD5C22BFA3C4E00825DAA /* Kingfisher */,
				001DD5D22BFA497400825DAA /* RealmSwift */,
				0047079B2C6F1AFD0025E5DB /* RxCocoa */,
				0047079D2C6F1AFD0025E5DB /* RxSwift */,
				00ED3FF42C708EEC00B50FB2 /* RxAppState */,
				008F083A2CCE2CAA00AFB60D /* FlexLayout */,
				008F083D2CCE2CCC00AFB60D /* PinLayout */,
				00E9F8832CCE7AF100E07A8A /* RxMoya */,
			);
			productName = KoreaOneStep;
			productReference = 00FD1C3A2B99840900C2A76E /* KoreaOneStep.app */;
			productType = "com.apple.product-type.application";
		};
/* End PBXNativeTarget section */

/* Begin PBXProject section */
		00FD1C322B99840900C2A76E /* Project object */ = {
			isa = PBXProject;
			attributes = {
				BuildIndependentTargetsInParallel = 1;
				LastSwiftUpdateCheck = 1500;
				LastUpgradeCheck = 1500;
				TargetAttributes = {
					00FD1C392B99840900C2A76E = {
						CreatedOnToolsVersion = 15.0;
					};
				};
			};
			buildConfigurationList = 00FD1C352B99840900C2A76E /* Build configuration list for PBXProject "KoreaOneStep" */;
			compatibilityVersion = "Xcode 14.0";
			developmentRegion = ko;
			hasScannedForEncodings = 0;
			knownRegions = (
				ko,
				Ko,
				Base,
			);
			mainGroup = 00FD1C312B99840900C2A76E;
			packageReferences = (
				0051C2A42BA35B6C0094D4BC /* XCRemoteSwiftPackageReference "SnapKit" */,
				00EB3B222BAD68DC0073A52A /* XCRemoteSwiftPackageReference "firebase-ios-sdk" */,
				001DD5C12BFA3C4E00825DAA /* XCRemoteSwiftPackageReference "Kingfisher" */,
				001DD5D12BFA497300825DAA /* XCRemoteSwiftPackageReference "realm-swift" */,
				0047079A2C6F1AFD0025E5DB /* XCRemoteSwiftPackageReference "RxSwift" */,
				00ED3FF32C708EEC00B50FB2 /* XCRemoteSwiftPackageReference "RxAppState" */,
				008F08392CCE2CAA00AFB60D /* XCRemoteSwiftPackageReference "FlexLayout" */,
				008F083C2CCE2CCC00AFB60D /* XCRemoteSwiftPackageReference "PinLayout" */,
				00E9F8822CCE7AF100E07A8A /* XCRemoteSwiftPackageReference "Moya" */,
			);
			productRefGroup = 00FD1C3B2B99840900C2A76E /* Products */;
			projectDirPath = "";
			projectRoot = "";
			targets = (
				00FD1C392B99840900C2A76E /* KoreaOneStep */,
			);
		};
/* End PBXProject section */

/* Begin PBXResourcesBuildPhase section */
		00FD1C382B99840900C2A76E /* Resources */ = {
			isa = PBXResourcesBuildPhase;
			buildActionMask = 2147483647;
			files = (
				003CE0472C087D66003B92FD /* README.md in Resources */,
				001DD5D62BFA4C1500825DAA /* Main.storyboard in Resources */,
				001DD5D52BFA4C0B00825DAA /* Assets.xcassets in Resources */,
				00FD1C522B99861900C2A76E /* .gitignore in Resources */,
				00FD1C4A2B99840A00C2A76E /* LaunchScreen.storyboard in Resources */,
				00A3D6222BAEE47800632748 /* GoogleService-Info.plist in Resources */,
			);
			runOnlyForDeploymentPostprocessing = 0;
		};
/* End PBXResourcesBuildPhase section */

/* Begin PBXShellScriptBuildPhase section */
		00389ECD2BB6A735008DF6A6 /* ShellScript */ = {
			isa = PBXShellScriptBuildPhase;
			buildActionMask = 2147483647;
			files = (
			);
			inputFileListPaths = (
			);
			inputPaths = (
				"${DWARF_DSYM_FOLDER_PATH}/${DWARF_DSYM_FILE_NAME}",
				"${DWARF_DSYM_FOLDER_PATH}/${DWARF_DSYM_FILE_NAME}/Contents/Resources/DWARF/${PRODUCT_NAME}",
				"${DWARF_DSYM_FOLDER_PATH}/${DWARF_DSYM_FILE_NAME}/Contents/Info.plist",
				"$(TARGET_BUILD_DIR)/$(UNLOCALIZED_RESOURCES_FOLDER_PATH)/GoogleService-Info.plist",
				"$(TARGET_BUILD_DIR)/$(EXECUTABLE_PATH)",
			);
			outputFileListPaths = (
			);
			outputPaths = (
			);
			runOnlyForDeploymentPostprocessing = 0;
			shellPath = /bin/sh;
			shellScript = "# Type a script or drag a script file from your workspace to insert its path.\n\"${BUILD_DIR%/Build/*}/SourcePackages/checkouts/firebase-ios-sdk/Crashlytics/run\"\n";
		};
		302E51EDE8C53700B9898E52 /* [CP] Check Pods Manifest.lock */ = {
			isa = PBXShellScriptBuildPhase;
			buildActionMask = 2147483647;
			files = (
			);
			inputFileListPaths = (
			);
			inputPaths = (
				"${PODS_PODFILE_DIR_PATH}/Podfile.lock",
				"${PODS_ROOT}/Manifest.lock",
			);
			name = "[CP] Check Pods Manifest.lock";
			outputFileListPaths = (
			);
			outputPaths = (
				"$(DERIVED_FILE_DIR)/Pods-KoreaOneStep-checkManifestLockResult.txt",
			);
			runOnlyForDeploymentPostprocessing = 0;
			shellPath = /bin/sh;
			shellScript = "diff \"${PODS_PODFILE_DIR_PATH}/Podfile.lock\" \"${PODS_ROOT}/Manifest.lock\" > /dev/null\nif [ $? != 0 ] ; then\n    # print error to STDERR\n    echo \"error: The sandbox is not in sync with the Podfile.lock. Run 'pod install' or update your CocoaPods installation.\" >&2\n    exit 1\nfi\n# This output is used by Xcode 'outputs' to avoid re-running this script phase.\necho \"SUCCESS\" > \"${SCRIPT_OUTPUT_FILE_0}\"\n";
			showEnvVarsInLog = 0;
		};
		73714B403E4390F3AFF9386C /* [CP] Embed Pods Frameworks */ = {
			isa = PBXShellScriptBuildPhase;
			buildActionMask = 2147483647;
			files = (
			);
			inputFileListPaths = (
				"${PODS_ROOT}/Target Support Files/Pods-KoreaOneStep/Pods-KoreaOneStep-frameworks-${CONFIGURATION}-input-files.xcfilelist",
			);
			name = "[CP] Embed Pods Frameworks";
			outputFileListPaths = (
				"${PODS_ROOT}/Target Support Files/Pods-KoreaOneStep/Pods-KoreaOneStep-frameworks-${CONFIGURATION}-output-files.xcfilelist",
			);
			runOnlyForDeploymentPostprocessing = 0;
			shellPath = /bin/sh;
			shellScript = "\"${PODS_ROOT}/Target Support Files/Pods-KoreaOneStep/Pods-KoreaOneStep-frameworks.sh\"\n";
			showEnvVarsInLog = 0;
		};
/* End PBXShellScriptBuildPhase section */

/* Begin PBXSourcesBuildPhase section */
		00FD1C362B99840900C2A76E /* Sources */ = {
			isa = PBXSourcesBuildPhase;
			buildActionMask = 2147483647;
			files = (
				00E9F8A12CCE891500E07A8A /* LocationBasedTourismInformationDTO.swift in Sources */,
				00E9F8A22CCE891500E07A8A /* KeywordBasedSearchingDTO.swift in Sources */,
				00E9F8A32CCE891500E07A8A /* ProvidedImpairmentAidServicesDTO.swift in Sources */,
				00E9F8A42CCE891500E07A8A /* TouristDestionationCommonInformationDTO.swift in Sources */,
				00E9F8A52CCE891500E07A8A /* AreaCodeDTO.swift in Sources */,
				00FD1C3E2B99840900C2A76E /* AppDelegate.swift in Sources */,
				00FD1C402B99840900C2A76E /* SceneDelegate.swift in Sources */,
				007324012BA613D2001B0A2E /* APIKeys.swift in Sources */,
			);
			runOnlyForDeploymentPostprocessing = 0;
		};
/* End PBXSourcesBuildPhase section */

/* Begin PBXVariantGroup section */
		00FD1C432B99840900C2A76E /* Main.storyboard */ = {
			isa = PBXVariantGroup;
			children = (
				00FD1C442B99840900C2A76E /* Base */,
			);
			name = Main.storyboard;
			sourceTree = "<group>";
		};
		00FD1C482B99840A00C2A76E /* LaunchScreen.storyboard */ = {
			isa = PBXVariantGroup;
			children = (
				00FD1C492B99840A00C2A76E /* Base */,
			);
			name = LaunchScreen.storyboard;
			sourceTree = "<group>";
		};
/* End PBXVariantGroup section */

/* Begin XCBuildConfiguration section */
		00FD1C4C2B99840A00C2A76E /* Debug */ = {
			isa = XCBuildConfiguration;
			buildSettings = {
				ALWAYS_SEARCH_USER_PATHS = NO;
				ASSETCATALOG_COMPILER_GENERATE_SWIFT_ASSET_SYMBOL_EXTENSIONS = YES;
				CLANG_ANALYZER_NONNULL = YES;
				CLANG_ANALYZER_NUMBER_OBJECT_CONVERSION = YES_AGGRESSIVE;
				CLANG_CXX_LANGUAGE_STANDARD = "gnu++20";
				CLANG_ENABLE_MODULES = YES;
				CLANG_ENABLE_OBJC_ARC = YES;
				CLANG_ENABLE_OBJC_WEAK = YES;
				CLANG_WARN_BLOCK_CAPTURE_AUTORELEASING = YES;
				CLANG_WARN_BOOL_CONVERSION = YES;
				CLANG_WARN_COMMA = YES;
				CLANG_WARN_CONSTANT_CONVERSION = YES;
				CLANG_WARN_DEPRECATED_OBJC_IMPLEMENTATIONS = YES;
				CLANG_WARN_DIRECT_OBJC_ISA_USAGE = YES_ERROR;
				CLANG_WARN_DOCUMENTATION_COMMENTS = YES;
				CLANG_WARN_EMPTY_BODY = YES;
				CLANG_WARN_ENUM_CONVERSION = YES;
				CLANG_WARN_INFINITE_RECURSION = YES;
				CLANG_WARN_INT_CONVERSION = YES;
				CLANG_WARN_NON_LITERAL_NULL_CONVERSION = YES;
				CLANG_WARN_OBJC_IMPLICIT_RETAIN_SELF = YES;
				CLANG_WARN_OBJC_LITERAL_CONVERSION = YES;
				CLANG_WARN_OBJC_ROOT_CLASS = YES_ERROR;
				CLANG_WARN_QUOTED_INCLUDE_IN_FRAMEWORK_HEADER = YES;
				CLANG_WARN_RANGE_LOOP_ANALYSIS = YES;
				CLANG_WARN_STRICT_PROTOTYPES = YES;
				CLANG_WARN_SUSPICIOUS_MOVE = YES;
				CLANG_WARN_UNGUARDED_AVAILABILITY = YES_AGGRESSIVE;
				CLANG_WARN_UNREACHABLE_CODE = YES;
				CLANG_WARN__DUPLICATE_METHOD_MATCH = YES;
				COPY_PHASE_STRIP = NO;
				DEBUG_INFORMATION_FORMAT = dwarf;
				ENABLE_STRICT_OBJC_MSGSEND = YES;
				ENABLE_TESTABILITY = YES;
				ENABLE_USER_SCRIPT_SANDBOXING = YES;
				GCC_C_LANGUAGE_STANDARD = gnu17;
				GCC_DYNAMIC_NO_PIC = NO;
				GCC_NO_COMMON_BLOCKS = YES;
				GCC_OPTIMIZATION_LEVEL = 0;
				GCC_PREPROCESSOR_DEFINITIONS = (
					"DEBUG=1",
					"$(inherited)",
				);
				GCC_WARN_64_TO_32_BIT_CONVERSION = YES;
				GCC_WARN_ABOUT_RETURN_TYPE = YES_ERROR;
				GCC_WARN_UNDECLARED_SELECTOR = YES;
				GCC_WARN_UNINITIALIZED_AUTOS = YES_AGGRESSIVE;
				GCC_WARN_UNUSED_FUNCTION = YES;
				GCC_WARN_UNUSED_VARIABLE = YES;
				IPHONEOS_DEPLOYMENT_TARGET = 17.0;
				LOCALIZATION_PREFERS_STRING_CATALOGS = YES;
				MTL_ENABLE_DEBUG_INFO = INCLUDE_SOURCE;
				MTL_FAST_MATH = YES;
				ONLY_ACTIVE_ARCH = YES;
				SDKROOT = iphoneos;
				SWIFT_ACTIVE_COMPILATION_CONDITIONS = "DEBUG $(inherited)";
				SWIFT_OPTIMIZATION_LEVEL = "-Onone";
			};
			name = Debug;
		};
		00FD1C4D2B99840A00C2A76E /* Release */ = {
			isa = XCBuildConfiguration;
			buildSettings = {
				ALWAYS_SEARCH_USER_PATHS = NO;
				ASSETCATALOG_COMPILER_GENERATE_SWIFT_ASSET_SYMBOL_EXTENSIONS = YES;
				CLANG_ANALYZER_NONNULL = YES;
				CLANG_ANALYZER_NUMBER_OBJECT_CONVERSION = YES_AGGRESSIVE;
				CLANG_CXX_LANGUAGE_STANDARD = "gnu++20";
				CLANG_ENABLE_MODULES = YES;
				CLANG_ENABLE_OBJC_ARC = YES;
				CLANG_ENABLE_OBJC_WEAK = YES;
				CLANG_WARN_BLOCK_CAPTURE_AUTORELEASING = YES;
				CLANG_WARN_BOOL_CONVERSION = YES;
				CLANG_WARN_COMMA = YES;
				CLANG_WARN_CONSTANT_CONVERSION = YES;
				CLANG_WARN_DEPRECATED_OBJC_IMPLEMENTATIONS = YES;
				CLANG_WARN_DIRECT_OBJC_ISA_USAGE = YES_ERROR;
				CLANG_WARN_DOCUMENTATION_COMMENTS = YES;
				CLANG_WARN_EMPTY_BODY = YES;
				CLANG_WARN_ENUM_CONVERSION = YES;
				CLANG_WARN_INFINITE_RECURSION = YES;
				CLANG_WARN_INT_CONVERSION = YES;
				CLANG_WARN_NON_LITERAL_NULL_CONVERSION = YES;
				CLANG_WARN_OBJC_IMPLICIT_RETAIN_SELF = YES;
				CLANG_WARN_OBJC_LITERAL_CONVERSION = YES;
				CLANG_WARN_OBJC_ROOT_CLASS = YES_ERROR;
				CLANG_WARN_QUOTED_INCLUDE_IN_FRAMEWORK_HEADER = YES;
				CLANG_WARN_RANGE_LOOP_ANALYSIS = YES;
				CLANG_WARN_STRICT_PROTOTYPES = YES;
				CLANG_WARN_SUSPICIOUS_MOVE = YES;
				CLANG_WARN_UNGUARDED_AVAILABILITY = YES_AGGRESSIVE;
				CLANG_WARN_UNREACHABLE_CODE = YES;
				CLANG_WARN__DUPLICATE_METHOD_MATCH = YES;
				COPY_PHASE_STRIP = NO;
				DEBUG_INFORMATION_FORMAT = "dwarf-with-dsym";
				ENABLE_NS_ASSERTIONS = NO;
				ENABLE_STRICT_OBJC_MSGSEND = YES;
				ENABLE_USER_SCRIPT_SANDBOXING = YES;
				GCC_C_LANGUAGE_STANDARD = gnu17;
				GCC_NO_COMMON_BLOCKS = YES;
				GCC_WARN_64_TO_32_BIT_CONVERSION = YES;
				GCC_WARN_ABOUT_RETURN_TYPE = YES_ERROR;
				GCC_WARN_UNDECLARED_SELECTOR = YES;
				GCC_WARN_UNINITIALIZED_AUTOS = YES_AGGRESSIVE;
				GCC_WARN_UNUSED_FUNCTION = YES;
				GCC_WARN_UNUSED_VARIABLE = YES;
				IPHONEOS_DEPLOYMENT_TARGET = 17.0;
				LOCALIZATION_PREFERS_STRING_CATALOGS = YES;
				MTL_ENABLE_DEBUG_INFO = NO;
				MTL_FAST_MATH = YES;
				SDKROOT = iphoneos;
				SWIFT_COMPILATION_MODE = wholemodule;
				VALIDATE_PRODUCT = YES;
			};
			name = Release;
		};
		00FD1C4F2B99840A00C2A76E /* Debug */ = {
			isa = XCBuildConfiguration;
			baseConfigurationReference = 47CBD416387A86A5E675A9AC /* Pods-KoreaOneStep.debug.xcconfig */;
			buildSettings = {
				ASSETCATALOG_COMPILER_APPICON_NAME = AppIcon;
				ASSETCATALOG_COMPILER_GLOBAL_ACCENT_COLOR_NAME = AccentColor;
				ASSETCATALOG_COMPILER_INCLUDE_ALL_APPICON_ASSETS = NO;
				CODE_SIGN_STYLE = Automatic;
				CURRENT_PROJECT_VERSION = 1;
				DEBUG_INFORMATION_FORMAT = "dwarf-with-dsym";
				DEVELOPMENT_TEAM = 59V6NJY3X6;
				ENABLE_USER_SCRIPT_SANDBOXING = NO;
				GENERATE_INFOPLIST_FILE = YES;
				INFOPLIST_FILE = KoreaOneStep/Info.plist;
				INFOPLIST_KEY_CFBundleDisplayName = "대한민국 한걸음";
				INFOPLIST_KEY_LSApplicationCategoryType = "public.app-category.travel";
				INFOPLIST_KEY_NSLocationWhenInUseUsageDescription = "위치 정보를 기반으로 현재 위치, 주변 검색을 제공합니다.";
				INFOPLIST_KEY_UIApplicationSupportsIndirectInputEvents = YES;
				INFOPLIST_KEY_UILaunchStoryboardName = LaunchScreen.storyboard;
				INFOPLIST_KEY_UIMainStoryboardFile = Main;
				INFOPLIST_KEY_UISupportedInterfaceOrientations = UIInterfaceOrientationPortrait;
				INFOPLIST_KEY_UISupportedInterfaceOrientations_iPad = "UIInterfaceOrientationLandscapeLeft UIInterfaceOrientationLandscapeRight UIInterfaceOrientationPortrait UIInterfaceOrientationPortraitUpsideDown";
				INFOPLIST_KEY_UIUserInterfaceStyle = Light;
				IPHONEOS_DEPLOYMENT_TARGET = 16.0;
				LD_RUNPATH_SEARCH_PATHS = (
					"$(inherited)",
					"@executable_path/Frameworks",
				);
				MARKETING_VERSION = 1.0.4;
				OTHER_LDFLAGS = (
					"$(inherited)",
					"-framework",
					"\"NMapsGeometry\"",
					"-framework",
					"\"NMapsMap\"",
					"-ObjC",
				);
				PRODUCT_BUNDLE_IDENTIFIER = com.constdreamcoder.KoreaOneStep;
				PRODUCT_NAME = "$(TARGET_NAME)";
				SUPPORTED_PLATFORMS = "iphoneos iphonesimulator";
				SUPPORTS_MACCATALYST = NO;
				SUPPORTS_MAC_DESIGNED_FOR_IPHONE_IPAD = NO;
				SUPPORTS_XR_DESIGNED_FOR_IPHONE_IPAD = NO;
				SWIFT_EMIT_LOC_STRINGS = YES;
				SWIFT_VERSION = 5.0;
				TARGETED_DEVICE_FAMILY = 1;
			};
			name = Debug;
		};
		00FD1C502B99840A00C2A76E /* Release */ = {
			isa = XCBuildConfiguration;
			baseConfigurationReference = B8313C61497266102198AFD0 /* Pods-KoreaOneStep.release.xcconfig */;
			buildSettings = {
				ASSETCATALOG_COMPILER_APPICON_NAME = AppIcon;
				ASSETCATALOG_COMPILER_GLOBAL_ACCENT_COLOR_NAME = AccentColor;
				ASSETCATALOG_COMPILER_INCLUDE_ALL_APPICON_ASSETS = NO;
				CODE_SIGN_STYLE = Automatic;
				CURRENT_PROJECT_VERSION = 1;
				DEVELOPMENT_TEAM = 59V6NJY3X6;
				ENABLE_USER_SCRIPT_SANDBOXING = NO;
				GENERATE_INFOPLIST_FILE = YES;
				INFOPLIST_FILE = KoreaOneStep/Info.plist;
				INFOPLIST_KEY_CFBundleDisplayName = "대한민국 한걸음";
				INFOPLIST_KEY_LSApplicationCategoryType = "public.app-category.travel";
				INFOPLIST_KEY_NSLocationWhenInUseUsageDescription = "위치 정보를 기반으로 현재 위치, 주변 검색을 제공합니다.";
				INFOPLIST_KEY_UIApplicationSupportsIndirectInputEvents = YES;
				INFOPLIST_KEY_UILaunchStoryboardName = LaunchScreen.storyboard;
				INFOPLIST_KEY_UIMainStoryboardFile = Main;
				INFOPLIST_KEY_UISupportedInterfaceOrientations = UIInterfaceOrientationPortrait;
				INFOPLIST_KEY_UISupportedInterfaceOrientations_iPad = "UIInterfaceOrientationLandscapeLeft UIInterfaceOrientationLandscapeRight UIInterfaceOrientationPortrait UIInterfaceOrientationPortraitUpsideDown";
				INFOPLIST_KEY_UIUserInterfaceStyle = Light;
				IPHONEOS_DEPLOYMENT_TARGET = 16.0;
				LD_RUNPATH_SEARCH_PATHS = (
					"$(inherited)",
					"@executable_path/Frameworks",
				);
				MARKETING_VERSION = 1.0.4;
				OTHER_LDFLAGS = (
					"$(inherited)",
					"-framework",
					"\"NMapsGeometry\"",
					"-framework",
					"\"NMapsMap\"",
					"-ObjC",
				);
				PRODUCT_BUNDLE_IDENTIFIER = com.constdreamcoder.KoreaOneStep;
				PRODUCT_NAME = "$(TARGET_NAME)";
				SUPPORTED_PLATFORMS = "iphoneos iphonesimulator";
				SUPPORTS_MACCATALYST = NO;
				SUPPORTS_MAC_DESIGNED_FOR_IPHONE_IPAD = NO;
				SUPPORTS_XR_DESIGNED_FOR_IPHONE_IPAD = NO;
				SWIFT_EMIT_LOC_STRINGS = YES;
				SWIFT_VERSION = 5.0;
				TARGETED_DEVICE_FAMILY = 1;
			};
			name = Release;
		};
/* End XCBuildConfiguration section */

/* Begin XCConfigurationList section */
		00FD1C352B99840900C2A76E /* Build configuration list for PBXProject "KoreaOneStep" */ = {
			isa = XCConfigurationList;
			buildConfigurations = (
				00FD1C4C2B99840A00C2A76E /* Debug */,
				00FD1C4D2B99840A00C2A76E /* Release */,
			);
			defaultConfigurationIsVisible = 0;
			defaultConfigurationName = Release;
		};
		00FD1C4E2B99840A00C2A76E /* Build configuration list for PBXNativeTarget "KoreaOneStep" */ = {
			isa = XCConfigurationList;
			buildConfigurations = (
				00FD1C4F2B99840A00C2A76E /* Debug */,
				00FD1C502B99840A00C2A76E /* Release */,
			);
			defaultConfigurationIsVisible = 0;
			defaultConfigurationName = Release;
		};
/* End XCConfigurationList section */

/* Begin XCRemoteSwiftPackageReference section */
		001DD5C12BFA3C4E00825DAA /* XCRemoteSwiftPackageReference "Kingfisher" */ = {
			isa = XCRemoteSwiftPackageReference;
			repositoryURL = "https://github.com/onevcat/Kingfisher.git";
			requirement = {
				kind = upToNextMajorVersion;
				minimumVersion = 7.11.0;
			};
		};
		001DD5D12BFA497300825DAA /* XCRemoteSwiftPackageReference "realm-swift" */ = {
			isa = XCRemoteSwiftPackageReference;
			repositoryURL = "https://github.com/realm/realm-swift";
			requirement = {
				kind = upToNextMajorVersion;
				minimumVersion = 10.50.0;
			};
		};
		0047079A2C6F1AFD0025E5DB /* XCRemoteSwiftPackageReference "RxSwift" */ = {
			isa = XCRemoteSwiftPackageReference;
			repositoryURL = "https://github.com/ReactiveX/RxSwift.git";
			requirement = {
				kind = upToNextMajorVersion;
				minimumVersion = 6.7.1;
			};
		};
		0051C2A42BA35B6C0094D4BC /* XCRemoteSwiftPackageReference "SnapKit" */ = {
			isa = XCRemoteSwiftPackageReference;
			repositoryURL = "https://github.com/SnapKit/SnapKit";
			requirement = {
				kind = upToNextMajorVersion;
				minimumVersion = 5.7.1;
			};
		};
		008F08392CCE2CAA00AFB60D /* XCRemoteSwiftPackageReference "FlexLayout" */ = {
			isa = XCRemoteSwiftPackageReference;
			repositoryURL = "https://github.com/layoutBox/FlexLayout.git";
			requirement = {
				kind = upToNextMajorVersion;
				minimumVersion = 2.0.10;
			};
		};
		008F083C2CCE2CCC00AFB60D /* XCRemoteSwiftPackageReference "PinLayout" */ = {
			isa = XCRemoteSwiftPackageReference;
			repositoryURL = "https://github.com/layoutBox/PinLayout";
			requirement = {
				kind = upToNextMajorVersion;
				minimumVersion = 1.10.5;
			};
		};
		00E9F8822CCE7AF100E07A8A /* XCRemoteSwiftPackageReference "Moya" */ = {
			isa = XCRemoteSwiftPackageReference;
			repositoryURL = "https://github.com/Moya/Moya.git";
			requirement = {
				kind = upToNextMajorVersion;
				minimumVersion = 15.0.3;
			};
		};
		00EB3B222BAD68DC0073A52A /* XCRemoteSwiftPackageReference "firebase-ios-sdk" */ = {
			isa = XCRemoteSwiftPackageReference;
			repositoryURL = "https://github.com/firebase/firebase-ios-sdk";
			requirement = {
				kind = upToNextMajorVersion;
				minimumVersion = 10.24.0;
			};
		};
		00ED3FF32C708EEC00B50FB2 /* XCRemoteSwiftPackageReference "RxAppState" */ = {
			isa = XCRemoteSwiftPackageReference;
			repositoryURL = "https://github.com/pixeldock/RxAppState.git";
			requirement = {
				kind = upToNextMajorVersion;
				minimumVersion = 1.8.1;
			};
		};
/* End XCRemoteSwiftPackageReference section */

/* Begin XCSwiftPackageProductDependency section */
		001DD5C22BFA3C4E00825DAA /* Kingfisher */ = {
			isa = XCSwiftPackageProductDependency;
			package = 001DD5C12BFA3C4E00825DAA /* XCRemoteSwiftPackageReference "Kingfisher" */;
			productName = Kingfisher;
		};
		001DD5D22BFA497400825DAA /* RealmSwift */ = {
			isa = XCSwiftPackageProductDependency;
			package = 001DD5D12BFA497300825DAA /* XCRemoteSwiftPackageReference "realm-swift" */;
			productName = RealmSwift;
		};
		0047079B2C6F1AFD0025E5DB /* RxCocoa */ = {
			isa = XCSwiftPackageProductDependency;
			package = 0047079A2C6F1AFD0025E5DB /* XCRemoteSwiftPackageReference "RxSwift" */;
			productName = RxCocoa;
		};
		0047079D2C6F1AFD0025E5DB /* RxSwift */ = {
			isa = XCSwiftPackageProductDependency;
			package = 0047079A2C6F1AFD0025E5DB /* XCRemoteSwiftPackageReference "RxSwift" */;
			productName = RxSwift;
		};
		0051C2A52BA35B6C0094D4BC /* SnapKit */ = {
			isa = XCSwiftPackageProductDependency;
			package = 0051C2A42BA35B6C0094D4BC /* XCRemoteSwiftPackageReference "SnapKit" */;
			productName = SnapKit;
		};
		008F083A2CCE2CAA00AFB60D /* FlexLayout */ = {
			isa = XCSwiftPackageProductDependency;
			package = 008F08392CCE2CAA00AFB60D /* XCRemoteSwiftPackageReference "FlexLayout" */;
			productName = FlexLayout;
		};
		008F083D2CCE2CCC00AFB60D /* PinLayout */ = {
			isa = XCSwiftPackageProductDependency;
			package = 008F083C2CCE2CCC00AFB60D /* XCRemoteSwiftPackageReference "PinLayout" */;
			productName = PinLayout;
		};
		00E9F8832CCE7AF100E07A8A /* RxMoya */ = {
			isa = XCSwiftPackageProductDependency;
			package = 00E9F8822CCE7AF100E07A8A /* XCRemoteSwiftPackageReference "Moya" */;
			productName = RxMoya;
		};
		00EB3B232BAD68DC0073A52A /* FirebaseAnalyticsWithoutAdIdSupport */ = {
			isa = XCSwiftPackageProductDependency;
			package = 00EB3B222BAD68DC0073A52A /* XCRemoteSwiftPackageReference "firebase-ios-sdk" */;
			productName = FirebaseAnalyticsWithoutAdIdSupport;
		};
		00EB3B252BAD68DC0073A52A /* FirebaseCrashlytics */ = {
			isa = XCSwiftPackageProductDependency;
			package = 00EB3B222BAD68DC0073A52A /* XCRemoteSwiftPackageReference "firebase-ios-sdk" */;
			productName = FirebaseCrashlytics;
		};
		00ED3FF42C708EEC00B50FB2 /* RxAppState */ = {
			isa = XCSwiftPackageProductDependency;
			package = 00ED3FF32C708EEC00B50FB2 /* XCRemoteSwiftPackageReference "RxAppState" */;
			productName = RxAppState;
		};
/* End XCSwiftPackageProductDependency section */
	};
	rootObject = 00FD1C322B99840900C2A76E /* Project object */;
}
