// !$*UTF8*$!
{
	archiveVersion = 1;
	classes = {
	};
	objectVersion = 56;
	objects = {

/* Begin PBXBuildFile section */
		0015DE6A2BA19363002CA32C /* FloatingPanel in Frameworks */ = {isa = PBXBuildFile; productRef = 0015DE692BA19363002CA32C /* FloatingPanel */; };
		0015DE6C2BA19592002CA32C /* ContentViewController.swift in Sources */ = {isa = PBXBuildFile; fileRef = 0015DE6B2BA19592002CA32C /* ContentViewController.swift */; };
		0015DE6F2BA19CCE002CA32C /* SearchResultListTableViewCell.swift in Sources */ = {isa = PBXBuildFile; fileRef = 0015DE6E2BA19CCE002CA32C /* SearchResultListTableViewCell.swift */; };
		0024F2EB2B9B42C200799623 /* Kingfisher in Frameworks */ = {isa = PBXBuildFile; productRef = 0024F2EA2B9B42C200799623 /* Kingfisher */; };
		0024F2FA2B9B45B600799623 /* TabBarViewController.swift in Sources */ = {isa = PBXBuildFile; fileRef = 0024F2F92B9B45B600799623 /* TabBarViewController.swift */; };
		0024F2FF2B9B464A00799623 /* MainViewController.swift in Sources */ = {isa = PBXBuildFile; fileRef = 0024F2FE2B9B464A00799623 /* MainViewController.swift */; };
		0024F3012B9B465200799623 /* BookmarkViewController.swift in Sources */ = {isa = PBXBuildFile; fileRef = 0024F3002B9B465200799623 /* BookmarkViewController.swift */; };
		0024F3032B9B465900799623 /* SettingViewController.swift in Sources */ = {isa = PBXBuildFile; fileRef = 0024F3022B9B465900799623 /* SettingViewController.swift */; };
		0024F3052B9B4DE300799623 /* UIViewControllerConfiguration.swift in Sources */ = {isa = PBXBuildFile; fileRef = 0024F3042B9B4DE300799623 /* UIViewControllerConfiguration.swift */; };
		00287F4B2BA2C1EA00B56A15 /* SearchingDistanceStackView.swift in Sources */ = {isa = PBXBuildFile; fileRef = 00287F4A2BA2C1EA00B56A15 /* SearchingDistanceStackView.swift */; };
		00287F4D2BA2D44800B56A15 /* FilteringCategoryStackView.swift in Sources */ = {isa = PBXBuildFile; fileRef = 00287F4C2BA2D44800B56A15 /* FilteringCategoryStackView.swift */; };
		00287F512BA2DDC300B56A15 /* FilteringOrder.swift in Sources */ = {isa = PBXBuildFile; fileRef = 00287F502BA2DDC300B56A15 /* FilteringOrder.swift */; };
		0051C2A32BA3516E0094D4BC /* TourType.swift in Sources */ = {isa = PBXBuildFile; fileRef = 0051C2A22BA3516E0094D4BC /* TourType.swift */; };
		0051C2A62BA35B6C0094D4BC /* SnapKit in Frameworks */ = {isa = PBXBuildFile; productRef = 0051C2A52BA35B6C0094D4BC /* SnapKit */; };
		0051C2A92BA35BD80094D4BC /* Alamofire in Frameworks */ = {isa = PBXBuildFile; productRef = 0051C2A82BA35BD80094D4BC /* Alamofire */; };
		005E57192BA00FFF005CD618 /* UITableViewHeaderFooterView+Extension.swift in Sources */ = {isa = PBXBuildFile; fileRef = 005E57182BA00FFF005CD618 /* UITableViewHeaderFooterView+Extension.swift */; };
		005E571B2BA010B0005CD618 /* RegionDetailTableViewCell.swift in Sources */ = {isa = PBXBuildFile; fileRef = 005E571A2BA010B0005CD618 /* RegionDetailTableViewCell.swift */; };
		005E571D2BA0190E005CD618 /* DetailTableViewSection.swift in Sources */ = {isa = PBXBuildFile; fileRef = 005E571C2BA0190E005CD618 /* DetailTableViewSection.swift */; };
		005E57202BA01CB5005CD618 /* PhoneNumberTableViewCell.swift in Sources */ = {isa = PBXBuildFile; fileRef = 005E571F2BA01CB5005CD618 /* PhoneNumberTableViewCell.swift */; };
		005E57222BA01F9F005CD618 /* AddressTableViewCell.swift in Sources */ = {isa = PBXBuildFile; fileRef = 005E57212BA01F9F005CD618 /* AddressTableViewCell.swift */; };
		005E57242BA02466005CD618 /* ServiceProvidedTableViewCell.swift in Sources */ = {isa = PBXBuildFile; fileRef = 005E57232BA02466005CD618 /* ServiceProvidedTableViewCell.swift */; };
		005E572C2BA0395F005CD618 /* ServiceProvidedInternalCollectionViewCell.swift in Sources */ = {isa = PBXBuildFile; fileRef = 005E572B2BA0395F005CD618 /* ServiceProvidedInternalCollectionViewCell.swift */; };
		005E572E2BA03AEC005CD618 /* ServiceProvidedDetailTableViewCell.swift in Sources */ = {isa = PBXBuildFile; fileRef = 005E572D2BA03AEC005CD618 /* ServiceProvidedDetailTableViewCell.swift */; };
		0063D5F72BA531640081B59D /* MainViewModel.swift in Sources */ = {isa = PBXBuildFile; fileRef = 0063D5F62BA531640081B59D /* MainViewModel.swift */; };
		0063D5F92BA531E50081B59D /* Observable.swift in Sources */ = {isa = PBXBuildFile; fileRef = 0063D5F82BA531E50081B59D /* Observable.swift */; };
		0063D5FD2BA5356B0081B59D /* KoreaTravelingManager.swift in Sources */ = {isa = PBXBuildFile; fileRef = 0063D5FC2BA5356B0081B59D /* KoreaTravelingManager.swift */; };
		0063D5FF2BA536680081B59D /* APIKeys.swift in Sources */ = {isa = PBXBuildFile; fileRef = 0063D5FE2BA536680081B59D /* APIKeys.swift */; };
		007323F62BA5892C001B0A2E /* LocationBasedTourismInformationModel.swift in Sources */ = {isa = PBXBuildFile; fileRef = 007323F52BA5892B001B0A2E /* LocationBasedTourismInformationModel.swift */; };
		007323F82BA5A119001B0A2E /* String+Extension.swift in Sources */ = {isa = PBXBuildFile; fileRef = 007323F72BA5A119001B0A2E /* String+Extension.swift */; };
		007323FD2BA5E621001B0A2E /* LocationManager.swift in Sources */ = {isa = PBXBuildFile; fileRef = 007323FC2BA5E621001B0A2E /* LocationManager.swift */; };
		0081E8972B9D9C0500EF615D /* CellIdentifiable.swift in Sources */ = {isa = PBXBuildFile; fileRef = 0081E8962B9D9C0500EF615D /* CellIdentifiable.swift */; };
		0081E8992B9DAF4600EF615D /* UITableViewCell+Extension.swift in Sources */ = {isa = PBXBuildFile; fileRef = 0081E8982B9DAF4600EF615D /* UITableViewCell+Extension.swift */; };
		0081E89C2B9DB10E00EF615D /* SettingTableViewCellTitle.swift in Sources */ = {isa = PBXBuildFile; fileRef = 0081E89B2B9DB10E00EF615D /* SettingTableViewCellTitle.swift */; };
		0081E8A32B9DC11500EF615D /* SearchViewController.swift in Sources */ = {isa = PBXBuildFile; fileRef = 0081E8A22B9DC11500EF615D /* SearchViewController.swift */; };
		0081E8A62B9DC68200EF615D /* SearchTableViewCell.swift in Sources */ = {isa = PBXBuildFile; fileRef = 0081E8A52B9DC68200EF615D /* SearchTableViewCell.swift */; };
		0081E8A82B9DC71100EF615D /* UITableViewCellConfiguration.swift in Sources */ = {isa = PBXBuildFile; fileRef = 0081E8A72B9DC71100EF615D /* UITableViewCellConfiguration.swift */; };
		0081E8AB2B9DD8E400EF615D /* FilterViewController.swift in Sources */ = {isa = PBXBuildFile; fileRef = 0081E8AA2B9DD8E400EF615D /* FilterViewController.swift */; };
		0081E8AE2B9DE05000EF615D /* TTGTags in Frameworks */ = {isa = PBXBuildFile; productRef = 0081E8AD2B9DE05000EF615D /* TTGTags */; };
		0081E8B02B9DF2A100EF615D /* FilterTableViewCell.swift in Sources */ = {isa = PBXBuildFile; fileRef = 0081E8AF2B9DF2A100EF615D /* FilterTableViewCell.swift */; };
		00DFE3BB2B9F3682005BF9D6 /* BookmarkCollectionViewCell.swift in Sources */ = {isa = PBXBuildFile; fileRef = 00DFE3BA2B9F3682005BF9D6 /* BookmarkCollectionViewCell.swift */; };
		00DFE3BE2B9F452C005BF9D6 /* DetailViewController.swift in Sources */ = {isa = PBXBuildFile; fileRef = 00DFE3BD2B9F452C005BF9D6 /* DetailViewController.swift */; };
		00F59C992BA1E70100CE49C4 /* ContentTableViewSection.swift in Sources */ = {isa = PBXBuildFile; fileRef = 00F59C982BA1E70100CE49C4 /* ContentTableViewSection.swift */; };
		00F59C9D2BA1E94700CE49C4 /* AmbientSettingsTableViewCell.swift in Sources */ = {isa = PBXBuildFile; fileRef = 00F59C9C2BA1E94700CE49C4 /* AmbientSettingsTableViewCell.swift */; };
		00F59C9F2BA1F25600CE49C4 /* AccordionTableViewCell.swift in Sources */ = {isa = PBXBuildFile; fileRef = 00F59C9E2BA1F25600CE49C4 /* AccordionTableViewCell.swift */; };
		00F77AA72B9EBC1200A6A2E0 /* FilterTableViewSection.swift in Sources */ = {isa = PBXBuildFile; fileRef = 00F77AA62B9EBC1200A6A2E0 /* FilterTableViewSection.swift */; };
		00F77AC92B9EE55D00A6A2E0 /* BookmarkHeaderView.swift in Sources */ = {isa = PBXBuildFile; fileRef = 00F77AC82B9EE55D00A6A2E0 /* BookmarkHeaderView.swift */; };
		00F77ACB2B9EE68600A6A2E0 /* BookmarkTableViewSection.swift in Sources */ = {isa = PBXBuildFile; fileRef = 00F77ACA2B9EE68600A6A2E0 /* BookmarkTableViewSection.swift */; };
		00F77ACF2B9EEA8C00A6A2E0 /* UICollectionViewConfiguration.swift in Sources */ = {isa = PBXBuildFile; fileRef = 00F77ACE2B9EEA8C00A6A2E0 /* UICollectionViewConfiguration.swift */; };
		00F77AD12B9EED9700A6A2E0 /* BookmarkHeaderViewCell.swift in Sources */ = {isa = PBXBuildFile; fileRef = 00F77AD02B9EED9700A6A2E0 /* BookmarkHeaderViewCell.swift */; };
		00F77AD42B9EEDFA00A6A2E0 /* UICollectionViewCellConfiguration.swift in Sources */ = {isa = PBXBuildFile; fileRef = 00F77AD32B9EEDFA00A6A2E0 /* UICollectionViewCellConfiguration.swift */; };
		00F77ADB2B9F07A500A6A2E0 /* UICollectionReusableView+Extension.swift in Sources */ = {isa = PBXBuildFile; fileRef = 00F77ADA2B9F07A500A6A2E0 /* UICollectionReusableView+Extension.swift */; };
		00FD1C3E2B99840900C2A76E /* AppDelegate.swift in Sources */ = {isa = PBXBuildFile; fileRef = 00FD1C3D2B99840900C2A76E /* AppDelegate.swift */; };
		00FD1C402B99840900C2A76E /* SceneDelegate.swift in Sources */ = {isa = PBXBuildFile; fileRef = 00FD1C3F2B99840900C2A76E /* SceneDelegate.swift */; };
		00FD1C452B99840900C2A76E /* Main.storyboard in Resources */ = {isa = PBXBuildFile; fileRef = 00FD1C432B99840900C2A76E /* Main.storyboard */; };
		00FD1C472B99840A00C2A76E /* Assets.xcassets in Resources */ = {isa = PBXBuildFile; fileRef = 00FD1C462B99840A00C2A76E /* Assets.xcassets */; };
		00FD1C4A2B99840A00C2A76E /* LaunchScreen.storyboard in Resources */ = {isa = PBXBuildFile; fileRef = 00FD1C482B99840A00C2A76E /* LaunchScreen.storyboard */; };
		00FD1C522B99861900C2A76E /* .gitignore in Resources */ = {isa = PBXBuildFile; fileRef = 00FD1C512B99861900C2A76E /* .gitignore */; };
		59C03BE6C333BA2CA5EC9571 /* Pods_KoreaOneStep.framework in Frameworks */ = {isa = PBXBuildFile; fileRef = B5826F4DC7AFCBCC2980E97A /* Pods_KoreaOneStep.framework */; };
/* End PBXBuildFile section */

/* Begin PBXFileReference section */
		0015DE6B2BA19592002CA32C /* ContentViewController.swift */ = {isa = PBXFileReference; lastKnownFileType = sourcecode.swift; path = ContentViewController.swift; sourceTree = "<group>"; };
		0015DE6E2BA19CCE002CA32C /* SearchResultListTableViewCell.swift */ = {isa = PBXFileReference; lastKnownFileType = sourcecode.swift; path = SearchResultListTableViewCell.swift; sourceTree = "<group>"; };
		0024F2F92B9B45B600799623 /* TabBarViewController.swift */ = {isa = PBXFileReference; lastKnownFileType = sourcecode.swift; path = TabBarViewController.swift; sourceTree = "<group>"; };
		0024F2FE2B9B464A00799623 /* MainViewController.swift */ = {isa = PBXFileReference; lastKnownFileType = sourcecode.swift; path = MainViewController.swift; sourceTree = "<group>"; };
		0024F3002B9B465200799623 /* BookmarkViewController.swift */ = {isa = PBXFileReference; lastKnownFileType = sourcecode.swift; path = BookmarkViewController.swift; sourceTree = "<group>"; };
		0024F3022B9B465900799623 /* SettingViewController.swift */ = {isa = PBXFileReference; lastKnownFileType = sourcecode.swift; path = SettingViewController.swift; sourceTree = "<group>"; };
		0024F3042B9B4DE300799623 /* UIViewControllerConfiguration.swift */ = {isa = PBXFileReference; lastKnownFileType = sourcecode.swift; path = UIViewControllerConfiguration.swift; sourceTree = "<group>"; };
		00287F4A2BA2C1EA00B56A15 /* SearchingDistanceStackView.swift */ = {isa = PBXFileReference; lastKnownFileType = sourcecode.swift; path = SearchingDistanceStackView.swift; sourceTree = "<group>"; };
		00287F4C2BA2D44800B56A15 /* FilteringCategoryStackView.swift */ = {isa = PBXFileReference; lastKnownFileType = sourcecode.swift; path = FilteringCategoryStackView.swift; sourceTree = "<group>"; };
		00287F502BA2DDC300B56A15 /* FilteringOrder.swift */ = {isa = PBXFileReference; lastKnownFileType = sourcecode.swift; path = FilteringOrder.swift; sourceTree = "<group>"; };
		0051C2A22BA3516E0094D4BC /* TourType.swift */ = {isa = PBXFileReference; lastKnownFileType = sourcecode.swift; path = TourType.swift; sourceTree = "<group>"; };
		005E57182BA00FFF005CD618 /* UITableViewHeaderFooterView+Extension.swift */ = {isa = PBXFileReference; lastKnownFileType = sourcecode.swift; path = "UITableViewHeaderFooterView+Extension.swift"; sourceTree = "<group>"; };
		005E571A2BA010B0005CD618 /* RegionDetailTableViewCell.swift */ = {isa = PBXFileReference; lastKnownFileType = sourcecode.swift; path = RegionDetailTableViewCell.swift; sourceTree = "<group>"; };
		005E571C2BA0190E005CD618 /* DetailTableViewSection.swift */ = {isa = PBXFileReference; lastKnownFileType = sourcecode.swift; path = DetailTableViewSection.swift; sourceTree = "<group>"; };
		005E571F2BA01CB5005CD618 /* PhoneNumberTableViewCell.swift */ = {isa = PBXFileReference; lastKnownFileType = sourcecode.swift; path = PhoneNumberTableViewCell.swift; sourceTree = "<group>"; };
		005E57212BA01F9F005CD618 /* AddressTableViewCell.swift */ = {isa = PBXFileReference; lastKnownFileType = sourcecode.swift; path = AddressTableViewCell.swift; sourceTree = "<group>"; };
		005E57232BA02466005CD618 /* ServiceProvidedTableViewCell.swift */ = {isa = PBXFileReference; lastKnownFileType = sourcecode.swift; path = ServiceProvidedTableViewCell.swift; sourceTree = "<group>"; };
		005E572B2BA0395F005CD618 /* ServiceProvidedInternalCollectionViewCell.swift */ = {isa = PBXFileReference; lastKnownFileType = sourcecode.swift; path = ServiceProvidedInternalCollectionViewCell.swift; sourceTree = "<group>"; };
		005E572D2BA03AEC005CD618 /* ServiceProvidedDetailTableViewCell.swift */ = {isa = PBXFileReference; lastKnownFileType = sourcecode.swift; path = ServiceProvidedDetailTableViewCell.swift; sourceTree = "<group>"; };
		0063D5F62BA531640081B59D /* MainViewModel.swift */ = {isa = PBXFileReference; lastKnownFileType = sourcecode.swift; path = MainViewModel.swift; sourceTree = "<group>"; };
		0063D5F82BA531E50081B59D /* Observable.swift */ = {isa = PBXFileReference; lastKnownFileType = sourcecode.swift; path = Observable.swift; sourceTree = "<group>"; };
		0063D5FC2BA5356B0081B59D /* KoreaTravelingManager.swift */ = {isa = PBXFileReference; lastKnownFileType = sourcecode.swift; path = KoreaTravelingManager.swift; sourceTree = "<group>"; };
		0063D5FE2BA536680081B59D /* APIKeys.swift */ = {isa = PBXFileReference; lastKnownFileType = sourcecode.swift; path = APIKeys.swift; sourceTree = "<group>"; };
		007323F52BA5892B001B0A2E /* LocationBasedTourismInformationModel.swift */ = {isa = PBXFileReference; lastKnownFileType = sourcecode.swift; path = LocationBasedTourismInformationModel.swift; sourceTree = "<group>"; };
		007323F72BA5A119001B0A2E /* String+Extension.swift */ = {isa = PBXFileReference; lastKnownFileType = sourcecode.swift; path = "String+Extension.swift"; sourceTree = "<group>"; };
		007323FC2BA5E621001B0A2E /* LocationManager.swift */ = {isa = PBXFileReference; lastKnownFileType = sourcecode.swift; path = LocationManager.swift; sourceTree = "<group>"; };
		0081E8962B9D9C0500EF615D /* CellIdentifiable.swift */ = {isa = PBXFileReference; lastKnownFileType = sourcecode.swift; path = CellIdentifiable.swift; sourceTree = "<group>"; };
		0081E8982B9DAF4600EF615D /* UITableViewCell+Extension.swift */ = {isa = PBXFileReference; lastKnownFileType = sourcecode.swift; path = "UITableViewCell+Extension.swift"; sourceTree = "<group>"; };
		0081E89B2B9DB10E00EF615D /* SettingTableViewCellTitle.swift */ = {isa = PBXFileReference; lastKnownFileType = sourcecode.swift; path = SettingTableViewCellTitle.swift; sourceTree = "<group>"; };
		0081E8A22B9DC11500EF615D /* SearchViewController.swift */ = {isa = PBXFileReference; lastKnownFileType = sourcecode.swift; path = SearchViewController.swift; sourceTree = "<group>"; };
		0081E8A52B9DC68200EF615D /* SearchTableViewCell.swift */ = {isa = PBXFileReference; lastKnownFileType = sourcecode.swift; path = SearchTableViewCell.swift; sourceTree = "<group>"; };
		0081E8A72B9DC71100EF615D /* UITableViewCellConfiguration.swift */ = {isa = PBXFileReference; lastKnownFileType = sourcecode.swift; path = UITableViewCellConfiguration.swift; sourceTree = "<group>"; };
		0081E8AA2B9DD8E400EF615D /* FilterViewController.swift */ = {isa = PBXFileReference; lastKnownFileType = sourcecode.swift; path = FilterViewController.swift; sourceTree = "<group>"; };
		0081E8AF2B9DF2A100EF615D /* FilterTableViewCell.swift */ = {isa = PBXFileReference; lastKnownFileType = sourcecode.swift; path = FilterTableViewCell.swift; sourceTree = "<group>"; };
		00DFE3BA2B9F3682005BF9D6 /* BookmarkCollectionViewCell.swift */ = {isa = PBXFileReference; fileEncoding = 4; lastKnownFileType = sourcecode.swift; path = BookmarkCollectionViewCell.swift; sourceTree = "<group>"; };
		00DFE3BD2B9F452C005BF9D6 /* DetailViewController.swift */ = {isa = PBXFileReference; lastKnownFileType = sourcecode.swift; path = DetailViewController.swift; sourceTree = "<group>"; };
		00F59C982BA1E70100CE49C4 /* ContentTableViewSection.swift */ = {isa = PBXFileReference; lastKnownFileType = sourcecode.swift; path = ContentTableViewSection.swift; sourceTree = "<group>"; };
		00F59C9C2BA1E94700CE49C4 /* AmbientSettingsTableViewCell.swift */ = {isa = PBXFileReference; lastKnownFileType = sourcecode.swift; path = AmbientSettingsTableViewCell.swift; sourceTree = "<group>"; };
		00F59C9E2BA1F25600CE49C4 /* AccordionTableViewCell.swift */ = {isa = PBXFileReference; lastKnownFileType = sourcecode.swift; path = AccordionTableViewCell.swift; sourceTree = "<group>"; };
		00F77AA62B9EBC1200A6A2E0 /* FilterTableViewSection.swift */ = {isa = PBXFileReference; lastKnownFileType = sourcecode.swift; path = FilterTableViewSection.swift; sourceTree = "<group>"; };
		00F77AC82B9EE55D00A6A2E0 /* BookmarkHeaderView.swift */ = {isa = PBXFileReference; lastKnownFileType = sourcecode.swift; path = BookmarkHeaderView.swift; sourceTree = "<group>"; };
		00F77ACA2B9EE68600A6A2E0 /* BookmarkTableViewSection.swift */ = {isa = PBXFileReference; lastKnownFileType = sourcecode.swift; path = BookmarkTableViewSection.swift; sourceTree = "<group>"; };
		00F77ACE2B9EEA8C00A6A2E0 /* UICollectionViewConfiguration.swift */ = {isa = PBXFileReference; lastKnownFileType = sourcecode.swift; path = UICollectionViewConfiguration.swift; sourceTree = "<group>"; };
		00F77AD02B9EED9700A6A2E0 /* BookmarkHeaderViewCell.swift */ = {isa = PBXFileReference; lastKnownFileType = sourcecode.swift; path = BookmarkHeaderViewCell.swift; sourceTree = "<group>"; };
		00F77AD32B9EEDFA00A6A2E0 /* UICollectionViewCellConfiguration.swift */ = {isa = PBXFileReference; lastKnownFileType = sourcecode.swift; path = UICollectionViewCellConfiguration.swift; sourceTree = "<group>"; };
		00F77ADA2B9F07A500A6A2E0 /* UICollectionReusableView+Extension.swift */ = {isa = PBXFileReference; lastKnownFileType = sourcecode.swift; path = "UICollectionReusableView+Extension.swift"; sourceTree = "<group>"; };
		00FD1C3A2B99840900C2A76E /* KoreaOneStep.app */ = {isa = PBXFileReference; explicitFileType = wrapper.application; includeInIndex = 0; path = KoreaOneStep.app; sourceTree = BUILT_PRODUCTS_DIR; };
		00FD1C3D2B99840900C2A76E /* AppDelegate.swift */ = {isa = PBXFileReference; lastKnownFileType = sourcecode.swift; path = AppDelegate.swift; sourceTree = "<group>"; };
		00FD1C3F2B99840900C2A76E /* SceneDelegate.swift */ = {isa = PBXFileReference; lastKnownFileType = sourcecode.swift; path = SceneDelegate.swift; sourceTree = "<group>"; };
		00FD1C442B99840900C2A76E /* Base */ = {isa = PBXFileReference; lastKnownFileType = file.storyboard; name = Base; path = Base.lproj/Main.storyboard; sourceTree = "<group>"; };
		00FD1C462B99840A00C2A76E /* Assets.xcassets */ = {isa = PBXFileReference; lastKnownFileType = folder.assetcatalog; path = Assets.xcassets; sourceTree = "<group>"; };
		00FD1C492B99840A00C2A76E /* Base */ = {isa = PBXFileReference; lastKnownFileType = file.storyboard; name = Base; path = Base.lproj/LaunchScreen.storyboard; sourceTree = "<group>"; };
		00FD1C4B2B99840A00C2A76E /* Info.plist */ = {isa = PBXFileReference; lastKnownFileType = text.plist.xml; path = Info.plist; sourceTree = "<group>"; };
		00FD1C512B99861900C2A76E /* .gitignore */ = {isa = PBXFileReference; lastKnownFileType = text; path = .gitignore; sourceTree = "<group>"; };
		47CBD416387A86A5E675A9AC /* Pods-KoreaOneStep.debug.xcconfig */ = {isa = PBXFileReference; includeInIndex = 1; lastKnownFileType = text.xcconfig; name = "Pods-KoreaOneStep.debug.xcconfig"; path = "Target Support Files/Pods-KoreaOneStep/Pods-KoreaOneStep.debug.xcconfig"; sourceTree = "<group>"; };
		B5826F4DC7AFCBCC2980E97A /* Pods_KoreaOneStep.framework */ = {isa = PBXFileReference; explicitFileType = wrapper.framework; includeInIndex = 0; path = Pods_KoreaOneStep.framework; sourceTree = BUILT_PRODUCTS_DIR; };
		B8313C61497266102198AFD0 /* Pods-KoreaOneStep.release.xcconfig */ = {isa = PBXFileReference; includeInIndex = 1; lastKnownFileType = text.xcconfig; name = "Pods-KoreaOneStep.release.xcconfig"; path = "Target Support Files/Pods-KoreaOneStep/Pods-KoreaOneStep.release.xcconfig"; sourceTree = "<group>"; };
/* End PBXFileReference section */

/* Begin PBXFrameworksBuildPhase section */
		00FD1C372B99840900C2A76E /* Frameworks */ = {
			isa = PBXFrameworksBuildPhase;
			buildActionMask = 2147483647;
			files = (
				0024F2EB2B9B42C200799623 /* Kingfisher in Frameworks */,
				0015DE6A2BA19363002CA32C /* FloatingPanel in Frameworks */,
				0051C2A62BA35B6C0094D4BC /* SnapKit in Frameworks */,
				0051C2A92BA35BD80094D4BC /* Alamofire in Frameworks */,
				0081E8AE2B9DE05000EF615D /* TTGTags in Frameworks */,
				59C03BE6C333BA2CA5EC9571 /* Pods_KoreaOneStep.framework in Frameworks */,
			);
			runOnlyForDeploymentPostprocessing = 0;
		};
/* End PBXFrameworksBuildPhase section */

/* Begin PBXGroup section */
		0015DE6D2BA19CA6002CA32C /* FloatingPanel */ = {
			isa = PBXGroup;
			children = (
				0015DE6B2BA19592002CA32C /* ContentViewController.swift */,
				00F59C9B2BA1E79D00CE49C4 /* AmbientSettings */,
				00F59C9A2BA1E78E00CE49C4 /* SearchList */,
			);
			path = FloatingPanel;
			sourceTree = "<group>";
		};
		0024F2F12B9B438D00799623 /* Scenes */ = {
			isa = PBXGroup;
			children = (
				0024F2F92B9B45B600799623 /* TabBarViewController.swift */,
				0024F2FB2B9B45D700799623 /* Main */,
				0024F2FC2B9B45E000799623 /* Bookmark */,
				0024F2FD2B9B45ED00799623 /* Setting */,
				00DFE3BC2B9F4519005BF9D6 /* Detail */,
			);
			path = Scenes;
			sourceTree = "<group>";
		};
		0024F2F32B9B43A600799623 /* Models */ = {
			isa = PBXGroup;
			children = (
				007323F52BA5892B001B0A2E /* LocationBasedTourismInformationModel.swift */,
			);
			path = Models;
			sourceTree = "<group>";
		};
		0024F2F42B9B43AD00799623 /* ViewModels */ = {
			isa = PBXGroup;
			children = (
				0063D5FA2BA532670081B59D /* CommunicationBase */,
				0063D5F62BA531640081B59D /* MainViewModel.swift */,
			);
			path = ViewModels;
			sourceTree = "<group>";
		};
		0024F2F52B9B43B500799623 /* Extensions */ = {
			isa = PBXGroup;
			children = (
				0081E8982B9DAF4600EF615D /* UITableViewCell+Extension.swift */,
				00F77ADA2B9F07A500A6A2E0 /* UICollectionReusableView+Extension.swift */,
				005E57182BA00FFF005CD618 /* UITableViewHeaderFooterView+Extension.swift */,
				007323F72BA5A119001B0A2E /* String+Extension.swift */,
			);
			path = Extensions;
			sourceTree = "<group>";
		};
		0024F2FB2B9B45D700799623 /* Main */ = {
			isa = PBXGroup;
			children = (
				0024F2FE2B9B464A00799623 /* MainViewController.swift */,
				0015DE6D2BA19CA6002CA32C /* FloatingPanel */,
				0081E8A42B9DC66C00EF615D /* Search */,
			);
			path = Main;
			sourceTree = "<group>";
		};
		0024F2FC2B9B45E000799623 /* Bookmark */ = {
			isa = PBXGroup;
			children = (
				0024F3002B9B465200799623 /* BookmarkViewController.swift */,
				00DFE3BA2B9F3682005BF9D6 /* BookmarkCollectionViewCell.swift */,
				00F77AD22B9EED9D00A6A2E0 /* BookmarkFirstSectionTableViewCell */,
			);
			path = Bookmark;
			sourceTree = "<group>";
		};
		0024F2FD2B9B45ED00799623 /* Setting */ = {
			isa = PBXGroup;
			children = (
				0024F3022B9B465900799623 /* SettingViewController.swift */,
			);
			path = Setting;
			sourceTree = "<group>";
		};
		0024F3062B9B4DF100799623 /* Protocols */ = {
			isa = PBXGroup;
			children = (
				0024F3042B9B4DE300799623 /* UIViewControllerConfiguration.swift */,
				0081E8962B9D9C0500EF615D /* CellIdentifiable.swift */,
				0081E8A72B9DC71100EF615D /* UITableViewCellConfiguration.swift */,
				00F77ACE2B9EEA8C00A6A2E0 /* UICollectionViewConfiguration.swift */,
				00F77AD32B9EEDFA00A6A2E0 /* UICollectionViewCellConfiguration.swift */,
			);
			path = Protocols;
			sourceTree = "<group>";
		};
		00287F4E2BA2D6C300B56A15 /* AccordionTableViewCell */ = {
			isa = PBXGroup;
			children = (
				00F59C9E2BA1F25600CE49C4 /* AccordionTableViewCell.swift */,
				00287F4F2BA2D6C900B56A15 /* SubViews */,
			);
			path = AccordionTableViewCell;
			sourceTree = "<group>";
		};
		00287F4F2BA2D6C900B56A15 /* SubViews */ = {
			isa = PBXGroup;
			children = (
				00287F4A2BA2C1EA00B56A15 /* SearchingDistanceStackView.swift */,
				00287F4C2BA2D44800B56A15 /* FilteringCategoryStackView.swift */,
			);
			path = SubViews;
			sourceTree = "<group>";
		};
		00287F522BA323E700B56A15 /* Main */ = {
			isa = PBXGroup;
			children = (
				0051C2A22BA3516E0094D4BC /* TourType.swift */,
				00287F582BA3248500B56A15 /* FloatingPanel */,
				00287F532BA3241600B56A15 /* Search */,
			);
			path = Main;
			sourceTree = "<group>";
		};
		00287F532BA3241600B56A15 /* Search */ = {
			isa = PBXGroup;
			children = (
				00287F542BA3242B00B56A15 /* Filter */,
			);
			path = Search;
			sourceTree = "<group>";
		};
		00287F542BA3242B00B56A15 /* Filter */ = {
			isa = PBXGroup;
			children = (
				00F77AA62B9EBC1200A6A2E0 /* FilterTableViewSection.swift */,
			);
			path = Filter;
			sourceTree = "<group>";
		};
		00287F552BA3244A00B56A15 /* Detail */ = {
			isa = PBXGroup;
			children = (
				005E571C2BA0190E005CD618 /* DetailTableViewSection.swift */,
			);
			path = Detail;
			sourceTree = "<group>";
		};
		00287F562BA3245500B56A15 /* Setting */ = {
			isa = PBXGroup;
			children = (
				0081E89B2B9DB10E00EF615D /* SettingTableViewCellTitle.swift */,
			);
			path = Setting;
			sourceTree = "<group>";
		};
		00287F572BA3246100B56A15 /* Bookmark */ = {
			isa = PBXGroup;
			children = (
				00F77ACA2B9EE68600A6A2E0 /* BookmarkTableViewSection.swift */,
			);
			path = Bookmark;
			sourceTree = "<group>";
		};
		00287F582BA3248500B56A15 /* FloatingPanel */ = {
			isa = PBXGroup;
			children = (
				00287F502BA2DDC300B56A15 /* FilteringOrder.swift */,
				00F59C982BA1E70100CE49C4 /* ContentTableViewSection.swift */,
			);
			path = FloatingPanel;
			sourceTree = "<group>";
		};
		005E571E2BA01CA2005CD618 /* DetailTableViewCells */ = {
			isa = PBXGroup;
			children = (
				005E571A2BA010B0005CD618 /* RegionDetailTableViewCell.swift */,
				005E571F2BA01CB5005CD618 /* PhoneNumberTableViewCell.swift */,
				005E57212BA01F9F005CD618 /* AddressTableViewCell.swift */,
				005E57252BA02994005CD618 /* ServiceProvided */,
				005E572D2BA03AEC005CD618 /* ServiceProvidedDetailTableViewCell.swift */,
			);
			path = DetailTableViewCells;
			sourceTree = "<group>";
		};
		005E57252BA02994005CD618 /* ServiceProvided */ = {
			isa = PBXGroup;
			children = (
				005E57232BA02466005CD618 /* ServiceProvidedTableViewCell.swift */,
				005E572B2BA0395F005CD618 /* ServiceProvidedInternalCollectionViewCell.swift */,
			);
			path = ServiceProvided;
			sourceTree = "<group>";
		};
		0063D5FA2BA532670081B59D /* CommunicationBase */ = {
			isa = PBXGroup;
			children = (
				0063D5F82BA531E50081B59D /* Observable.swift */,
			);
			path = CommunicationBase;
			sourceTree = "<group>";
		};
		0063D5FB2BA535290081B59D /* Managers */ = {
			isa = PBXGroup;
			children = (
				0063D5FC2BA5356B0081B59D /* KoreaTravelingManager.swift */,
				007323FC2BA5E621001B0A2E /* LocationManager.swift */,
			);
			path = Managers;
			sourceTree = "<group>";
		};
		0081E89A2B9DB0E100EF615D /* Enums */ = {
			isa = PBXGroup;
			children = (
				0081E8B42B9E155300EF615D /* Scenes */,
			);
			path = Enums;
			sourceTree = "<group>";
		};
		0081E8A42B9DC66C00EF615D /* Search */ = {
			isa = PBXGroup;
			children = (
				0081E8A22B9DC11500EF615D /* SearchViewController.swift */,
				0081E8A52B9DC68200EF615D /* SearchTableViewCell.swift */,
				0081E8A92B9DD87C00EF615D /* Filter */,
			);
			path = Search;
			sourceTree = "<group>";
		};
		0081E8A92B9DD87C00EF615D /* Filter */ = {
			isa = PBXGroup;
			children = (
				0081E8AA2B9DD8E400EF615D /* FilterViewController.swift */,
				0081E8AF2B9DF2A100EF615D /* FilterTableViewCell.swift */,
			);
			path = Filter;
			sourceTree = "<group>";
		};
		0081E8B42B9E155300EF615D /* Scenes */ = {
			isa = PBXGroup;
			children = (
				00287F522BA323E700B56A15 /* Main */,
				00287F572BA3246100B56A15 /* Bookmark */,
				00287F562BA3245500B56A15 /* Setting */,
				00287F552BA3244A00B56A15 /* Detail */,
			);
			path = Scenes;
			sourceTree = "<group>";
		};
		00DFE3BC2B9F4519005BF9D6 /* Detail */ = {
			isa = PBXGroup;
			children = (
				00DFE3BD2B9F452C005BF9D6 /* DetailViewController.swift */,
				005E571E2BA01CA2005CD618 /* DetailTableViewCells */,
			);
			path = Detail;
			sourceTree = "<group>";
		};
		00F59C9A2BA1E78E00CE49C4 /* SearchList */ = {
			isa = PBXGroup;
			children = (
				0015DE6E2BA19CCE002CA32C /* SearchResultListTableViewCell.swift */,
			);
			path = SearchList;
			sourceTree = "<group>";
		};
		00F59C9B2BA1E79D00CE49C4 /* AmbientSettings */ = {
			isa = PBXGroup;
			children = (
				00F59C9C2BA1E94700CE49C4 /* AmbientSettingsTableViewCell.swift */,
				00287F4E2BA2D6C300B56A15 /* AccordionTableViewCell */,
			);
			path = AmbientSettings;
			sourceTree = "<group>";
		};
		00F77AD22B9EED9D00A6A2E0 /* BookmarkFirstSectionTableViewCell */ = {
			isa = PBXGroup;
			children = (
				00F77AC82B9EE55D00A6A2E0 /* BookmarkHeaderView.swift */,
				00F77AD02B9EED9700A6A2E0 /* BookmarkHeaderViewCell.swift */,
			);
			path = BookmarkFirstSectionTableViewCell;
			sourceTree = "<group>";
		};
		00FD1C312B99840900C2A76E = {
			isa = PBXGroup;
			children = (
				00FD1C512B99861900C2A76E /* .gitignore */,
				00FD1C3C2B99840900C2A76E /* KoreaOneStep */,
				00FD1C3B2B99840900C2A76E /* Products */,
				B2674CF477D59B9A126D8C6A /* Pods */,
				B31762907CDB07FFB648D723 /* Frameworks */,
			);
			sourceTree = "<group>";
		};
		00FD1C3B2B99840900C2A76E /* Products */ = {
			isa = PBXGroup;
			children = (
				00FD1C3A2B99840900C2A76E /* KoreaOneStep.app */,
			);
			name = Products;
			sourceTree = "<group>";
		};
		00FD1C3C2B99840900C2A76E /* KoreaOneStep */ = {
			isa = PBXGroup;
			children = (
				00FD1C3D2B99840900C2A76E /* AppDelegate.swift */,
				00FD1C3F2B99840900C2A76E /* SceneDelegate.swift */,
				0081E89A2B9DB0E100EF615D /* Enums */,
				0024F3062B9B4DF100799623 /* Protocols */,
				0024F2F52B9B43B500799623 /* Extensions */,
				0024F2F42B9B43AD00799623 /* ViewModels */,
				0063D5FB2BA535290081B59D /* Managers */,
				0024F2F32B9B43A600799623 /* Models */,
				0024F2F12B9B438D00799623 /* Scenes */,
				00FD1C432B99840900C2A76E /* Main.storyboard */,
				00FD1C462B99840A00C2A76E /* Assets.xcassets */,
				00FD1C482B99840A00C2A76E /* LaunchScreen.storyboard */,
				00FD1C4B2B99840A00C2A76E /* Info.plist */,
				0063D5FE2BA536680081B59D /* APIKeys.swift */,
			);
			path = KoreaOneStep;
			sourceTree = "<group>";
		};
		B2674CF477D59B9A126D8C6A /* Pods */ = {
			isa = PBXGroup;
			children = (
				47CBD416387A86A5E675A9AC /* Pods-KoreaOneStep.debug.xcconfig */,
				B8313C61497266102198AFD0 /* Pods-KoreaOneStep.release.xcconfig */,
			);
			path = Pods;
			sourceTree = "<group>";
		};
		B31762907CDB07FFB648D723 /* Frameworks */ = {
			isa = PBXGroup;
			children = (
				B5826F4DC7AFCBCC2980E97A /* Pods_KoreaOneStep.framework */,
			);
			name = Frameworks;
			sourceTree = "<group>";
		};
/* End PBXGroup section */

/* Begin PBXNativeTarget section */
		00FD1C392B99840900C2A76E /* KoreaOneStep */ = {
			isa = PBXNativeTarget;
			buildConfigurationList = 00FD1C4E2B99840A00C2A76E /* Build configuration list for PBXNativeTarget "KoreaOneStep" */;
			buildPhases = (
				302E51EDE8C53700B9898E52 /* [CP] Check Pods Manifest.lock */,
				00FD1C362B99840900C2A76E /* Sources */,
				00FD1C372B99840900C2A76E /* Frameworks */,
				00FD1C382B99840900C2A76E /* Resources */,
			);
			buildRules = (
			);
			dependencies = (
			);
			name = KoreaOneStep;
			packageProductDependencies = (
				0024F2EA2B9B42C200799623 /* Kingfisher */,
				0081E8AD2B9DE05000EF615D /* TTGTags */,
				0015DE692BA19363002CA32C /* FloatingPanel */,
				0051C2A52BA35B6C0094D4BC /* SnapKit */,
				0051C2A82BA35BD80094D4BC /* Alamofire */,
			);
			productName = KoreaOneStep;
			productReference = 00FD1C3A2B99840900C2A76E /* KoreaOneStep.app */;
			productType = "com.apple.product-type.application";
		};
/* End PBXNativeTarget section */

/* Begin PBXProject section */
		00FD1C322B99840900C2A76E /* Project object */ = {
			isa = PBXProject;
			attributes = {
				BuildIndependentTargetsInParallel = 1;
				LastSwiftUpdateCheck = 1500;
				LastUpgradeCheck = 1500;
				TargetAttributes = {
					00FD1C392B99840900C2A76E = {
						CreatedOnToolsVersion = 15.0;
					};
				};
			};
			buildConfigurationList = 00FD1C352B99840900C2A76E /* Build configuration list for PBXProject "KoreaOneStep" */;
			compatibilityVersion = "Xcode 14.0";
			developmentRegion = en;
			hasScannedForEncodings = 0;
			knownRegions = (
				en,
				Base,
			);
			mainGroup = 00FD1C312B99840900C2A76E;
			packageReferences = (
				0024F2E92B9B42C200799623 /* XCRemoteSwiftPackageReference "Kingfisher" */,
				0081E8AC2B9DE05000EF615D /* XCRemoteSwiftPackageReference "TTGTagCollectionView" */,
				0015DE682BA19362002CA32C /* XCRemoteSwiftPackageReference "FloatingPanel" */,
				0051C2A42BA35B6C0094D4BC /* XCRemoteSwiftPackageReference "SnapKit" */,
				0051C2A72BA35BD80094D4BC /* XCRemoteSwiftPackageReference "Alamofire" */,
			);
			productRefGroup = 00FD1C3B2B99840900C2A76E /* Products */;
			projectDirPath = "";
			projectRoot = "";
			targets = (
				00FD1C392B99840900C2A76E /* KoreaOneStep */,
			);
		};
/* End PBXProject section */

/* Begin PBXResourcesBuildPhase section */
		00FD1C382B99840900C2A76E /* Resources */ = {
			isa = PBXResourcesBuildPhase;
			buildActionMask = 2147483647;
			files = (
				00FD1C522B99861900C2A76E /* .gitignore in Resources */,
				00FD1C4A2B99840A00C2A76E /* LaunchScreen.storyboard in Resources */,
				00FD1C472B99840A00C2A76E /* Assets.xcassets in Resources */,
				00FD1C452B99840900C2A76E /* Main.storyboard in Resources */,
			);
			runOnlyForDeploymentPostprocessing = 0;
		};
/* End PBXResourcesBuildPhase section */

/* Begin PBXShellScriptBuildPhase section */
		302E51EDE8C53700B9898E52 /* [CP] Check Pods Manifest.lock */ = {
			isa = PBXShellScriptBuildPhase;
			buildActionMask = 2147483647;
			files = (
			);
			inputFileListPaths = (
			);
			inputPaths = (
				"${PODS_PODFILE_DIR_PATH}/Podfile.lock",
				"${PODS_ROOT}/Manifest.lock",
			);
			name = "[CP] Check Pods Manifest.lock";
			outputFileListPaths = (
			);
			outputPaths = (
				"$(DERIVED_FILE_DIR)/Pods-KoreaOneStep-checkManifestLockResult.txt",
			);
			runOnlyForDeploymentPostprocessing = 0;
			shellPath = /bin/sh;
			shellScript = "diff \"${PODS_PODFILE_DIR_PATH}/Podfile.lock\" \"${PODS_ROOT}/Manifest.lock\" > /dev/null\nif [ $? != 0 ] ; then\n    # print error to STDERR\n    echo \"error: The sandbox is not in sync with the Podfile.lock. Run 'pod install' or update your CocoaPods installation.\" >&2\n    exit 1\nfi\n# This output is used by Xcode 'outputs' to avoid re-running this script phase.\necho \"SUCCESS\" > \"${SCRIPT_OUTPUT_FILE_0}\"\n";
			showEnvVarsInLog = 0;
		};
/* End PBXShellScriptBuildPhase section */

/* Begin PBXSourcesBuildPhase section */
		00FD1C362B99840900C2A76E /* Sources */ = {
			isa = PBXSourcesBuildPhase;
			buildActionMask = 2147483647;
			files = (
				00287F4D2BA2D44800B56A15 /* FilteringCategoryStackView.swift in Sources */,
				005E571B2BA010B0005CD618 /* RegionDetailTableViewCell.swift in Sources */,
				005E572C2BA0395F005CD618 /* ServiceProvidedInternalCollectionViewCell.swift in Sources */,
				00287F4B2BA2C1EA00B56A15 /* SearchingDistanceStackView.swift in Sources */,
				00F77ADB2B9F07A500A6A2E0 /* UICollectionReusableView+Extension.swift in Sources */,
				0081E8AB2B9DD8E400EF615D /* FilterViewController.swift in Sources */,
				00F59C9F2BA1F25600CE49C4 /* AccordionTableViewCell.swift in Sources */,
				00F77AC92B9EE55D00A6A2E0 /* BookmarkHeaderView.swift in Sources */,
				0024F2FA2B9B45B600799623 /* TabBarViewController.swift in Sources */,
				00F77ACB2B9EE68600A6A2E0 /* BookmarkTableViewSection.swift in Sources */,
				005E571D2BA0190E005CD618 /* DetailTableViewSection.swift in Sources */,
				00F59C992BA1E70100CE49C4 /* ContentTableViewSection.swift in Sources */,
				00287F512BA2DDC300B56A15 /* FilteringOrder.swift in Sources */,
				0081E8A32B9DC11500EF615D /* SearchViewController.swift in Sources */,
				005E57222BA01F9F005CD618 /* AddressTableViewCell.swift in Sources */,
				0081E8972B9D9C0500EF615D /* CellIdentifiable.swift in Sources */,
				00FD1C3E2B99840900C2A76E /* AppDelegate.swift in Sources */,
				00F77AD42B9EEDFA00A6A2E0 /* UICollectionViewCellConfiguration.swift in Sources */,
				005E57202BA01CB5005CD618 /* PhoneNumberTableViewCell.swift in Sources */,
				00F77ACF2B9EEA8C00A6A2E0 /* UICollectionViewConfiguration.swift in Sources */,
				0063D5F92BA531E50081B59D /* Observable.swift in Sources */,
				0063D5FF2BA536680081B59D /* APIKeys.swift in Sources */,
				00F77AA72B9EBC1200A6A2E0 /* FilterTableViewSection.swift in Sources */,
				00F77AD12B9EED9700A6A2E0 /* BookmarkHeaderViewCell.swift in Sources */,
				0024F3052B9B4DE300799623 /* UIViewControllerConfiguration.swift in Sources */,
				0081E8992B9DAF4600EF615D /* UITableViewCell+Extension.swift in Sources */,
				0015DE6C2BA19592002CA32C /* ContentViewController.swift in Sources */,
				00FD1C402B99840900C2A76E /* SceneDelegate.swift in Sources */,
				005E57192BA00FFF005CD618 /* UITableViewHeaderFooterView+Extension.swift in Sources */,
				005E572E2BA03AEC005CD618 /* ServiceProvidedDetailTableViewCell.swift in Sources */,
				007323FD2BA5E621001B0A2E /* LocationManager.swift in Sources */,
				0015DE6F2BA19CCE002CA32C /* SearchResultListTableViewCell.swift in Sources */,
				007323F62BA5892C001B0A2E /* LocationBasedTourismInformationModel.swift in Sources */,
				00F59C9D2BA1E94700CE49C4 /* AmbientSettingsTableViewCell.swift in Sources */,
				005E57242BA02466005CD618 /* ServiceProvidedTableViewCell.swift in Sources */,
				00DFE3BE2B9F452C005BF9D6 /* DetailViewController.swift in Sources */,
				0024F3012B9B465200799623 /* BookmarkViewController.swift in Sources */,
				00DFE3BB2B9F3682005BF9D6 /* BookmarkCollectionViewCell.swift in Sources */,
				0051C2A32BA3516E0094D4BC /* TourType.swift in Sources */,
				0063D5F72BA531640081B59D /* MainViewModel.swift in Sources */,
				007323F82BA5A119001B0A2E /* String+Extension.swift in Sources */,
				0081E8B02B9DF2A100EF615D /* FilterTableViewCell.swift in Sources */,
				0024F3032B9B465900799623 /* SettingViewController.swift in Sources */,
				0081E8A62B9DC68200EF615D /* SearchTableViewCell.swift in Sources */,
				0081E8A82B9DC71100EF615D /* UITableViewCellConfiguration.swift in Sources */,
				0024F2FF2B9B464A00799623 /* MainViewController.swift in Sources */,
				0081E89C2B9DB10E00EF615D /* SettingTableViewCellTitle.swift in Sources */,
				0063D5FD2BA5356B0081B59D /* KoreaTravelingManager.swift in Sources */,
			);
			runOnlyForDeploymentPostprocessing = 0;
		};
/* End PBXSourcesBuildPhase section */

/* Begin PBXVariantGroup section */
		00FD1C432B99840900C2A76E /* Main.storyboard */ = {
			isa = PBXVariantGroup;
			children = (
				00FD1C442B99840900C2A76E /* Base */,
			);
			name = Main.storyboard;
			sourceTree = "<group>";
		};
		00FD1C482B99840A00C2A76E /* LaunchScreen.storyboard */ = {
			isa = PBXVariantGroup;
			children = (
				00FD1C492B99840A00C2A76E /* Base */,
			);
			name = LaunchScreen.storyboard;
			sourceTree = "<group>";
		};
/* End PBXVariantGroup section */

/* Begin XCBuildConfiguration section */
		00FD1C4C2B99840A00C2A76E /* Debug */ = {
			isa = XCBuildConfiguration;
			buildSettings = {
				ALWAYS_SEARCH_USER_PATHS = NO;
				ASSETCATALOG_COMPILER_GENERATE_SWIFT_ASSET_SYMBOL_EXTENSIONS = YES;
				CLANG_ANALYZER_NONNULL = YES;
				CLANG_ANALYZER_NUMBER_OBJECT_CONVERSION = YES_AGGRESSIVE;
				CLANG_CXX_LANGUAGE_STANDARD = "gnu++20";
				CLANG_ENABLE_MODULES = YES;
				CLANG_ENABLE_OBJC_ARC = YES;
				CLANG_ENABLE_OBJC_WEAK = YES;
				CLANG_WARN_BLOCK_CAPTURE_AUTORELEASING = YES;
				CLANG_WARN_BOOL_CONVERSION = YES;
				CLANG_WARN_COMMA = YES;
				CLANG_WARN_CONSTANT_CONVERSION = YES;
				CLANG_WARN_DEPRECATED_OBJC_IMPLEMENTATIONS = YES;
				CLANG_WARN_DIRECT_OBJC_ISA_USAGE = YES_ERROR;
				CLANG_WARN_DOCUMENTATION_COMMENTS = YES;
				CLANG_WARN_EMPTY_BODY = YES;
				CLANG_WARN_ENUM_CONVERSION = YES;
				CLANG_WARN_INFINITE_RECURSION = YES;
				CLANG_WARN_INT_CONVERSION = YES;
				CLANG_WARN_NON_LITERAL_NULL_CONVERSION = YES;
				CLANG_WARN_OBJC_IMPLICIT_RETAIN_SELF = YES;
				CLANG_WARN_OBJC_LITERAL_CONVERSION = YES;
				CLANG_WARN_OBJC_ROOT_CLASS = YES_ERROR;
				CLANG_WARN_QUOTED_INCLUDE_IN_FRAMEWORK_HEADER = YES;
				CLANG_WARN_RANGE_LOOP_ANALYSIS = YES;
				CLANG_WARN_STRICT_PROTOTYPES = YES;
				CLANG_WARN_SUSPICIOUS_MOVE = YES;
				CLANG_WARN_UNGUARDED_AVAILABILITY = YES_AGGRESSIVE;
				CLANG_WARN_UNREACHABLE_CODE = YES;
				CLANG_WARN__DUPLICATE_METHOD_MATCH = YES;
				COPY_PHASE_STRIP = NO;
				DEBUG_INFORMATION_FORMAT = dwarf;
				ENABLE_STRICT_OBJC_MSGSEND = YES;
				ENABLE_TESTABILITY = YES;
				ENABLE_USER_SCRIPT_SANDBOXING = YES;
				GCC_C_LANGUAGE_STANDARD = gnu17;
				GCC_DYNAMIC_NO_PIC = NO;
				GCC_NO_COMMON_BLOCKS = YES;
				GCC_OPTIMIZATION_LEVEL = 0;
				GCC_PREPROCESSOR_DEFINITIONS = (
					"DEBUG=1",
					"$(inherited)",
				);
				GCC_WARN_64_TO_32_BIT_CONVERSION = YES;
				GCC_WARN_ABOUT_RETURN_TYPE = YES_ERROR;
				GCC_WARN_UNDECLARED_SELECTOR = YES;
				GCC_WARN_UNINITIALIZED_AUTOS = YES_AGGRESSIVE;
				GCC_WARN_UNUSED_FUNCTION = YES;
				GCC_WARN_UNUSED_VARIABLE = YES;
				IPHONEOS_DEPLOYMENT_TARGET = 17.0;
				LOCALIZATION_PREFERS_STRING_CATALOGS = YES;
				MTL_ENABLE_DEBUG_INFO = INCLUDE_SOURCE;
				MTL_FAST_MATH = YES;
				ONLY_ACTIVE_ARCH = YES;
				SDKROOT = iphoneos;
				SWIFT_ACTIVE_COMPILATION_CONDITIONS = "DEBUG $(inherited)";
				SWIFT_OPTIMIZATION_LEVEL = "-Onone";
			};
			name = Debug;
		};
		00FD1C4D2B99840A00C2A76E /* Release */ = {
			isa = XCBuildConfiguration;
			buildSettings = {
				ALWAYS_SEARCH_USER_PATHS = NO;
				ASSETCATALOG_COMPILER_GENERATE_SWIFT_ASSET_SYMBOL_EXTENSIONS = YES;
				CLANG_ANALYZER_NONNULL = YES;
				CLANG_ANALYZER_NUMBER_OBJECT_CONVERSION = YES_AGGRESSIVE;
				CLANG_CXX_LANGUAGE_STANDARD = "gnu++20";
				CLANG_ENABLE_MODULES = YES;
				CLANG_ENABLE_OBJC_ARC = YES;
				CLANG_ENABLE_OBJC_WEAK = YES;
				CLANG_WARN_BLOCK_CAPTURE_AUTORELEASING = YES;
				CLANG_WARN_BOOL_CONVERSION = YES;
				CLANG_WARN_COMMA = YES;
				CLANG_WARN_CONSTANT_CONVERSION = YES;
				CLANG_WARN_DEPRECATED_OBJC_IMPLEMENTATIONS = YES;
				CLANG_WARN_DIRECT_OBJC_ISA_USAGE = YES_ERROR;
				CLANG_WARN_DOCUMENTATION_COMMENTS = YES;
				CLANG_WARN_EMPTY_BODY = YES;
				CLANG_WARN_ENUM_CONVERSION = YES;
				CLANG_WARN_INFINITE_RECURSION = YES;
				CLANG_WARN_INT_CONVERSION = YES;
				CLANG_WARN_NON_LITERAL_NULL_CONVERSION = YES;
				CLANG_WARN_OBJC_IMPLICIT_RETAIN_SELF = YES;
				CLANG_WARN_OBJC_LITERAL_CONVERSION = YES;
				CLANG_WARN_OBJC_ROOT_CLASS = YES_ERROR;
				CLANG_WARN_QUOTED_INCLUDE_IN_FRAMEWORK_HEADER = YES;
				CLANG_WARN_RANGE_LOOP_ANALYSIS = YES;
				CLANG_WARN_STRICT_PROTOTYPES = YES;
				CLANG_WARN_SUSPICIOUS_MOVE = YES;
				CLANG_WARN_UNGUARDED_AVAILABILITY = YES_AGGRESSIVE;
				CLANG_WARN_UNREACHABLE_CODE = YES;
				CLANG_WARN__DUPLICATE_METHOD_MATCH = YES;
				COPY_PHASE_STRIP = NO;
				DEBUG_INFORMATION_FORMAT = "dwarf-with-dsym";
				ENABLE_NS_ASSERTIONS = NO;
				ENABLE_STRICT_OBJC_MSGSEND = YES;
				ENABLE_USER_SCRIPT_SANDBOXING = YES;
				GCC_C_LANGUAGE_STANDARD = gnu17;
				GCC_NO_COMMON_BLOCKS = YES;
				GCC_WARN_64_TO_32_BIT_CONVERSION = YES;
				GCC_WARN_ABOUT_RETURN_TYPE = YES_ERROR;
				GCC_WARN_UNDECLARED_SELECTOR = YES;
				GCC_WARN_UNINITIALIZED_AUTOS = YES_AGGRESSIVE;
				GCC_WARN_UNUSED_FUNCTION = YES;
				GCC_WARN_UNUSED_VARIABLE = YES;
				IPHONEOS_DEPLOYMENT_TARGET = 17.0;
				LOCALIZATION_PREFERS_STRING_CATALOGS = YES;
				MTL_ENABLE_DEBUG_INFO = NO;
				MTL_FAST_MATH = YES;
				SDKROOT = iphoneos;
				SWIFT_COMPILATION_MODE = wholemodule;
				VALIDATE_PRODUCT = YES;
			};
			name = Release;
		};
		00FD1C4F2B99840A00C2A76E /* Debug */ = {
			isa = XCBuildConfiguration;
			baseConfigurationReference = 47CBD416387A86A5E675A9AC /* Pods-KoreaOneStep.debug.xcconfig */;
			buildSettings = {
				ASSETCATALOG_COMPILER_APPICON_NAME = AppIcon;
				ASSETCATALOG_COMPILER_GLOBAL_ACCENT_COLOR_NAME = AccentColor;
				CODE_SIGN_STYLE = Automatic;
				CURRENT_PROJECT_VERSION = 1;
				DEVELOPMENT_TEAM = "";
				GENERATE_INFOPLIST_FILE = YES;
				INFOPLIST_FILE = KoreaOneStep/Info.plist;
				INFOPLIST_KEY_UIApplicationSupportsIndirectInputEvents = YES;
				INFOPLIST_KEY_UILaunchStoryboardName = LaunchScreen;
				INFOPLIST_KEY_UIMainStoryboardFile = Main;
				INFOPLIST_KEY_UISupportedInterfaceOrientations = UIInterfaceOrientationPortrait;
				INFOPLIST_KEY_UISupportedInterfaceOrientations_iPad = "UIInterfaceOrientationLandscapeLeft UIInterfaceOrientationLandscapeRight UIInterfaceOrientationPortrait UIInterfaceOrientationPortraitUpsideDown";
				IPHONEOS_DEPLOYMENT_TARGET = 15.0;
				LD_RUNPATH_SEARCH_PATHS = (
					"$(inherited)",
					"@executable_path/Frameworks",
				);
				MARKETING_VERSION = 1.0;
				PRODUCT_BUNDLE_IDENTIFIER = com.constdreamcoder.KoreaOneStep;
				PRODUCT_NAME = "$(TARGET_NAME)";
				SUPPORTED_PLATFORMS = "iphoneos iphonesimulator";
				SUPPORTS_MACCATALYST = NO;
				SUPPORTS_MAC_DESIGNED_FOR_IPHONE_IPAD = NO;
				SWIFT_EMIT_LOC_STRINGS = YES;
				SWIFT_VERSION = 5.0;
				TARGETED_DEVICE_FAMILY = 1;
			};
			name = Debug;
		};
		00FD1C502B99840A00C2A76E /* Release */ = {
			isa = XCBuildConfiguration;
			baseConfigurationReference = B8313C61497266102198AFD0 /* Pods-KoreaOneStep.release.xcconfig */;
			buildSettings = {
				ASSETCATALOG_COMPILER_APPICON_NAME = AppIcon;
				ASSETCATALOG_COMPILER_GLOBAL_ACCENT_COLOR_NAME = AccentColor;
				CODE_SIGN_STYLE = Automatic;
				CURRENT_PROJECT_VERSION = 1;
				DEVELOPMENT_TEAM = "";
				GENERATE_INFOPLIST_FILE = YES;
				INFOPLIST_FILE = KoreaOneStep/Info.plist;
				INFOPLIST_KEY_UIApplicationSupportsIndirectInputEvents = YES;
				INFOPLIST_KEY_UILaunchStoryboardName = LaunchScreen;
				INFOPLIST_KEY_UIMainStoryboardFile = Main;
				INFOPLIST_KEY_UISupportedInterfaceOrientations = UIInterfaceOrientationPortrait;
				INFOPLIST_KEY_UISupportedInterfaceOrientations_iPad = "UIInterfaceOrientationLandscapeLeft UIInterfaceOrientationLandscapeRight UIInterfaceOrientationPortrait UIInterfaceOrientationPortraitUpsideDown";
				IPHONEOS_DEPLOYMENT_TARGET = 15.0;
				LD_RUNPATH_SEARCH_PATHS = (
					"$(inherited)",
					"@executable_path/Frameworks",
				);
				MARKETING_VERSION = 1.0;
				PRODUCT_BUNDLE_IDENTIFIER = com.constdreamcoder.KoreaOneStep;
				PRODUCT_NAME = "$(TARGET_NAME)";
				SUPPORTED_PLATFORMS = "iphoneos iphonesimulator";
				SUPPORTS_MACCATALYST = NO;
				SUPPORTS_MAC_DESIGNED_FOR_IPHONE_IPAD = NO;
				SWIFT_EMIT_LOC_STRINGS = YES;
				SWIFT_VERSION = 5.0;
				TARGETED_DEVICE_FAMILY = 1;
			};
			name = Release;
		};
/* End XCBuildConfiguration section */

/* Begin XCConfigurationList section */
		00FD1C352B99840900C2A76E /* Build configuration list for PBXProject "KoreaOneStep" */ = {
			isa = XCConfigurationList;
			buildConfigurations = (
				00FD1C4C2B99840A00C2A76E /* Debug */,
				00FD1C4D2B99840A00C2A76E /* Release */,
			);
			defaultConfigurationIsVisible = 0;
			defaultConfigurationName = Release;
		};
		00FD1C4E2B99840A00C2A76E /* Build configuration list for PBXNativeTarget "KoreaOneStep" */ = {
			isa = XCConfigurationList;
			buildConfigurations = (
				00FD1C4F2B99840A00C2A76E /* Debug */,
				00FD1C502B99840A00C2A76E /* Release */,
			);
			defaultConfigurationIsVisible = 0;
			defaultConfigurationName = Release;
		};
/* End XCConfigurationList section */

/* Begin XCRemoteSwiftPackageReference section */
		0015DE682BA19362002CA32C /* XCRemoteSwiftPackageReference "FloatingPanel" */ = {
			isa = XCRemoteSwiftPackageReference;
			repositoryURL = "https://github.com/scenee/FloatingPanel.git";
			requirement = {
				kind = upToNextMajorVersion;
				minimumVersion = 2.8.2;
			};
		};
		0024F2E92B9B42C200799623 /* XCRemoteSwiftPackageReference "Kingfisher" */ = {
			isa = XCRemoteSwiftPackageReference;
			repositoryURL = "https://github.com/onevcat/Kingfisher";
			requirement = {
				kind = upToNextMajorVersion;
				minimumVersion = 7.11.0;
			};
		};
		0051C2A42BA35B6C0094D4BC /* XCRemoteSwiftPackageReference "SnapKit" */ = {
			isa = XCRemoteSwiftPackageReference;
			repositoryURL = "https://github.com/SnapKit/SnapKit";
			requirement = {
				kind = upToNextMajorVersion;
				minimumVersion = 5.7.1;
			};
		};
		0051C2A72BA35BD80094D4BC /* XCRemoteSwiftPackageReference "Alamofire" */ = {
			isa = XCRemoteSwiftPackageReference;
			repositoryURL = "https://github.com/Alamofire/Alamofire";
			requirement = {
				kind = upToNextMajorVersion;
				minimumVersion = 5.9.0;
			};
		};
		0081E8AC2B9DE05000EF615D /* XCRemoteSwiftPackageReference "TTGTagCollectionView" */ = {
			isa = XCRemoteSwiftPackageReference;
			repositoryURL = "https://github.com/zekunyan/TTGTagCollectionView.git";
			requirement = {
				kind = upToNextMajorVersion;
				minimumVersion = 2.4.2;
			};
		};
/* End XCRemoteSwiftPackageReference section */

/* Begin XCSwiftPackageProductDependency section */
		0015DE692BA19363002CA32C /* FloatingPanel */ = {
			isa = XCSwiftPackageProductDependency;
			package = 0015DE682BA19362002CA32C /* XCRemoteSwiftPackageReference "FloatingPanel" */;
			productName = FloatingPanel;
		};
		0024F2EA2B9B42C200799623 /* Kingfisher */ = {
			isa = XCSwiftPackageProductDependency;
			package = 0024F2E92B9B42C200799623 /* XCRemoteSwiftPackageReference "Kingfisher" */;
			productName = Kingfisher;
		};
		0051C2A52BA35B6C0094D4BC /* SnapKit */ = {
			isa = XCSwiftPackageProductDependency;
			package = 0051C2A42BA35B6C0094D4BC /* XCRemoteSwiftPackageReference "SnapKit" */;
			productName = SnapKit;
		};
		0051C2A82BA35BD80094D4BC /* Alamofire */ = {
			isa = XCSwiftPackageProductDependency;
			package = 0051C2A72BA35BD80094D4BC /* XCRemoteSwiftPackageReference "Alamofire" */;
			productName = Alamofire;
		};
		0081E8AD2B9DE05000EF615D /* TTGTags */ = {
			isa = XCSwiftPackageProductDependency;
			package = 0081E8AC2B9DE05000EF615D /* XCRemoteSwiftPackageReference "TTGTagCollectionView" */;
			productName = TTGTags;
		};
/* End XCSwiftPackageProductDependency section */
	};
	rootObject = 00FD1C322B99840900C2A76E /* Project object */;
}
